// !$*UTF8*$!
{
	archiveVersion = 1;
	classes = {
	};
	objectVersion = 53;
	objects = {

/* Begin PBXBuildFile section */
		071D3C452840A1A60037728F /* UserDefaultsManager.swift in Sources */ = {isa = PBXBuildFile; fileRef = 071D3C442840A1A60037728F /* UserDefaultsManager.swift */; };
		071D3C472840A1AF0037728F /* APIClient.swift in Sources */ = {isa = PBXBuildFile; fileRef = 071D3C462840A1AF0037728F /* APIClient.swift */; };
		071D3C492840A1D60037728F /* LoaderManager.swift in Sources */ = {isa = PBXBuildFile; fileRef = 071D3C482840A1D60037728F /* LoaderManager.swift */; };
		078A87772840A5CE00E4E2E1 /* Alamofire in Frameworks */ = {isa = PBXBuildFile; productRef = 078A87762840A5CE00E4E2E1 /* Alamofire */; };
		078A877A2840A61D00E4E2E1 /* IQKeyboardManagerSwift in Frameworks */ = {isa = PBXBuildFile; productRef = 078A87792840A61D00E4E2E1 /* IQKeyboardManagerSwift */; };
		078A877D2840A68F00E4E2E1 /* MBProgressHUD in Frameworks */ = {isa = PBXBuildFile; productRef = 078A877C2840A68F00E4E2E1 /* MBProgressHUD */; };
		078A877F2840A71A00E4E2E1 /* Coordinator.swift in Sources */ = {isa = PBXBuildFile; fileRef = 078A877E2840A71A00E4E2E1 /* Coordinator.swift */; };
		078A87812840A72700E4E2E1 /* AppCoordinator.swift in Sources */ = {isa = PBXBuildFile; fileRef = 078A87802840A72700E4E2E1 /* AppCoordinator.swift */; };
		078A87832840A7A800E4E2E1 /* SceneDelegate.swift in Sources */ = {isa = PBXBuildFile; fileRef = 078A87822840A7A800E4E2E1 /* SceneDelegate.swift */; };
		078A87852840A93300E4E2E1 /* UINavigationController.swift in Sources */ = {isa = PBXBuildFile; fileRef = 078A87842840A93300E4E2E1 /* UINavigationController.swift */; };
		078A87872840A95300E4E2E1 /* UIStoryboard.swift in Sources */ = {isa = PBXBuildFile; fileRef = 078A87862840A95300E4E2E1 /* UIStoryboard.swift */; };
		078A87892840AC0900E4E2E1 /* UITableViewCell.swift in Sources */ = {isa = PBXBuildFile; fileRef = 078A87882840AC0900E4E2E1 /* UITableViewCell.swift */; };
		078A878B2840AE1800E4E2E1 /* UIButton.swift in Sources */ = {isa = PBXBuildFile; fileRef = 078A878A2840AE1800E4E2E1 /* UIButton.swift */; };
		078A878D2840AEDC00E4E2E1 /* UIFont.swift in Sources */ = {isa = PBXBuildFile; fileRef = 078A878C2840AEDC00E4E2E1 /* UIFont.swift */; };
		078A878F2840B08100E4E2E1 /* UICollectionViewCell.swift in Sources */ = {isa = PBXBuildFile; fileRef = 078A878E2840B08100E4E2E1 /* UICollectionViewCell.swift */; };
		078A87922840B36300E4E2E1 /* AppError.swift in Sources */ = {isa = PBXBuildFile; fileRef = 078A87912840B36300E4E2E1 /* AppError.swift */; };
		078A87952840B3E600E4E2E1 /* ObjectMapper in Frameworks */ = {isa = PBXBuildFile; productRef = 078A87942840B3E600E4E2E1 /* ObjectMapper */; };
		078A87972840B44300E4E2E1 /* AppConstants.swift in Sources */ = {isa = PBXBuildFile; fileRef = 078A87962840B44300E4E2E1 /* AppConstants.swift */; };
		078A87992840B4BA00E4E2E1 /* Endpoint.swift in Sources */ = {isa = PBXBuildFile; fileRef = 078A87982840B4BA00E4E2E1 /* Endpoint.swift */; };
		078A879B2840B4E000E4E2E1 /* Environment.swift in Sources */ = {isa = PBXBuildFile; fileRef = 078A879A2840B4E000E4E2E1 /* Environment.swift */; };
		078A879D2840B5B800E4E2E1 /* LocalizedKey.swift in Sources */ = {isa = PBXBuildFile; fileRef = 078A879C2840B5B800E4E2E1 /* LocalizedKey.swift */; };
		078A879F2840B64900E4E2E1 /* Localizable.strings in Resources */ = {isa = PBXBuildFile; fileRef = 078A879E2840B64900E4E2E1 /* Localizable.strings */; };
		078A87A32840D15100E4E2E1 /* BaseViewController.swift in Sources */ = {isa = PBXBuildFile; fileRef = 078A87A22840D15100E4E2E1 /* BaseViewController.swift */; };
		C71811EC22CA4DF300D3F3BE /* Utils.swift in Sources */ = {isa = PBXBuildFile; fileRef = C71811EB22CA4DF300D3F3BE /* Utils.swift */; };
		D62805681F9F8971003E879D /* AppDelegate.swift in Sources */ = {isa = PBXBuildFile; fileRef = D62805671F9F8971003E879D /* AppDelegate.swift */; };
		D628056A1F9F8971003E879D /* ViewController.swift in Sources */ = {isa = PBXBuildFile; fileRef = D62805691F9F8971003E879D /* ViewController.swift */; };
		D628056D1F9F8971003E879D /* Main.storyboard in Resources */ = {isa = PBXBuildFile; fileRef = D628056B1F9F8971003E879D /* Main.storyboard */; };
		D628056F1F9F8971003E879D /* Assets.xcassets in Resources */ = {isa = PBXBuildFile; fileRef = D628056E1F9F8971003E879D /* Assets.xcassets */; };
		D62805721F9F8971003E879D /* LaunchScreen.storyboard in Resources */ = {isa = PBXBuildFile; fileRef = D62805701F9F8971003E879D /* LaunchScreen.storyboard */; };
		D62805D61F9F8E7A003E879D /* UIView.swift in Sources */ = {isa = PBXBuildFile; fileRef = D62805A61F9F8E79003E879D /* UIView.swift */; };
		D62805D91F9F8E7A003E879D /* UIColor.swift in Sources */ = {isa = PBXBuildFile; fileRef = D62805A91F9F8E79003E879D /* UIColor.swift */; };
		D62805DC1F9F8E7A003E879D /* UITableView.swift in Sources */ = {isa = PBXBuildFile; fileRef = D62805AC1F9F8E79003E879D /* UITableView.swift */; };
		D62805DE1F9F8E7A003E879D /* Data.swift in Sources */ = {isa = PBXBuildFile; fileRef = D62805AE1F9F8E79003E879D /* Data.swift */; };
		D62805DF1F9F8E7A003E879D /* Date.swift in Sources */ = {isa = PBXBuildFile; fileRef = D62805AF1F9F8E79003E879D /* Date.swift */; };
		D62805E01F9F8E7A003E879D /* Dictionary.swift in Sources */ = {isa = PBXBuildFile; fileRef = D62805B01F9F8E79003E879D /* Dictionary.swift */; };
		D62805E11F9F8E7A003E879D /* String.swift in Sources */ = {isa = PBXBuildFile; fileRef = D62805B11F9F8E79003E879D /* String.swift */; };
		D62805E21F9F8E7A003E879D /* UIImage.swift in Sources */ = {isa = PBXBuildFile; fileRef = D62805B21F9F8E79003E879D /* UIImage.swift */; };
		D62805E31F9F8E7A003E879D /* UIViewController.swift in Sources */ = {isa = PBXBuildFile; fileRef = D62805B31F9F8E79003E879D /* UIViewController.swift */; };
		D62805E41F9F8E7A003E879D /* UIImageView.swift in Sources */ = {isa = PBXBuildFile; fileRef = D62805B41F9F8E79003E879D /* UIImageView.swift */; };
		D62805E51F9F8E7A003E879D /* Double.swift in Sources */ = {isa = PBXBuildFile; fileRef = D62805B51F9F8E79003E879D /* Double.swift */; };
		D62805E71F9F8E7A003E879D /* UITapGestureRecognizer.swift in Sources */ = {isa = PBXBuildFile; fileRef = D62805B71F9F8E79003E879D /* UITapGestureRecognizer.swift */; };
/* End PBXBuildFile section */

/* Begin PBXFileReference section */
		071D3C442840A1A60037728F /* UserDefaultsManager.swift */ = {isa = PBXFileReference; fileEncoding = 4; lastKnownFileType = sourcecode.swift; path = UserDefaultsManager.swift; sourceTree = "<group>"; };
		071D3C462840A1AF0037728F /* APIClient.swift */ = {isa = PBXFileReference; fileEncoding = 4; lastKnownFileType = sourcecode.swift; path = APIClient.swift; sourceTree = "<group>"; };
		071D3C482840A1D60037728F /* LoaderManager.swift */ = {isa = PBXFileReference; fileEncoding = 4; lastKnownFileType = sourcecode.swift; path = LoaderManager.swift; sourceTree = "<group>"; };
		078A877E2840A71A00E4E2E1 /* Coordinator.swift */ = {isa = PBXFileReference; fileEncoding = 4; lastKnownFileType = sourcecode.swift; path = Coordinator.swift; sourceTree = "<group>"; };
		078A87802840A72700E4E2E1 /* AppCoordinator.swift */ = {isa = PBXFileReference; fileEncoding = 4; lastKnownFileType = sourcecode.swift; path = AppCoordinator.swift; sourceTree = "<group>"; };
		078A87822840A7A800E4E2E1 /* SceneDelegate.swift */ = {isa = PBXFileReference; lastKnownFileType = sourcecode.swift; path = SceneDelegate.swift; sourceTree = "<group>"; };
		078A87842840A93300E4E2E1 /* UINavigationController.swift */ = {isa = PBXFileReference; lastKnownFileType = sourcecode.swift; path = UINavigationController.swift; sourceTree = "<group>"; };
		078A87862840A95300E4E2E1 /* UIStoryboard.swift */ = {isa = PBXFileReference; lastKnownFileType = sourcecode.swift; path = UIStoryboard.swift; sourceTree = "<group>"; };
		078A87882840AC0900E4E2E1 /* UITableViewCell.swift */ = {isa = PBXFileReference; lastKnownFileType = sourcecode.swift; path = UITableViewCell.swift; sourceTree = "<group>"; };
		078A878A2840AE1800E4E2E1 /* UIButton.swift */ = {isa = PBXFileReference; lastKnownFileType = sourcecode.swift; path = UIButton.swift; sourceTree = "<group>"; };
		078A878C2840AEDC00E4E2E1 /* UIFont.swift */ = {isa = PBXFileReference; lastKnownFileType = sourcecode.swift; path = UIFont.swift; sourceTree = "<group>"; };
		078A878E2840B08100E4E2E1 /* UICollectionViewCell.swift */ = {isa = PBXFileReference; lastKnownFileType = sourcecode.swift; path = UICollectionViewCell.swift; sourceTree = "<group>"; };
		078A87912840B36300E4E2E1 /* AppError.swift */ = {isa = PBXFileReference; lastKnownFileType = sourcecode.swift; path = AppError.swift; sourceTree = "<group>"; };
		078A87962840B44300E4E2E1 /* AppConstants.swift */ = {isa = PBXFileReference; lastKnownFileType = sourcecode.swift; path = AppConstants.swift; sourceTree = "<group>"; };
		078A87982840B4BA00E4E2E1 /* Endpoint.swift */ = {isa = PBXFileReference; lastKnownFileType = sourcecode.swift; path = Endpoint.swift; sourceTree = "<group>"; };
		078A879A2840B4E000E4E2E1 /* Environment.swift */ = {isa = PBXFileReference; lastKnownFileType = sourcecode.swift; path = Environment.swift; sourceTree = "<group>"; };
		078A879C2840B5B800E4E2E1 /* LocalizedKey.swift */ = {isa = PBXFileReference; lastKnownFileType = sourcecode.swift; path = LocalizedKey.swift; sourceTree = "<group>"; };
		078A879E2840B64900E4E2E1 /* Localizable.strings */ = {isa = PBXFileReference; lastKnownFileType = text.plist.strings; path = Localizable.strings; sourceTree = "<group>"; };
		078A87A22840D15100E4E2E1 /* BaseViewController.swift */ = {isa = PBXFileReference; lastKnownFileType = sourcecode.swift; path = BaseViewController.swift; sourceTree = "<group>"; };
		C71811EB22CA4DF300D3F3BE /* Utils.swift */ = {isa = PBXFileReference; lastKnownFileType = sourcecode.swift; path = Utils.swift; sourceTree = "<group>"; };
		D62805641F9F8971003E879D /* BaseCode.app */ = {isa = PBXFileReference; explicitFileType = wrapper.application; includeInIndex = 0; path = BaseCode.app; sourceTree = BUILT_PRODUCTS_DIR; };
		D62805671F9F8971003E879D /* AppDelegate.swift */ = {isa = PBXFileReference; lastKnownFileType = sourcecode.swift; path = AppDelegate.swift; sourceTree = "<group>"; };
		D62805691F9F8971003E879D /* ViewController.swift */ = {isa = PBXFileReference; lastKnownFileType = sourcecode.swift; path = ViewController.swift; sourceTree = "<group>"; };
		D628056C1F9F8971003E879D /* Base */ = {isa = PBXFileReference; lastKnownFileType = file.storyboard; name = Base; path = Base.lproj/Main.storyboard; sourceTree = "<group>"; };
		D628056E1F9F8971003E879D /* Assets.xcassets */ = {isa = PBXFileReference; lastKnownFileType = folder.assetcatalog; path = Assets.xcassets; sourceTree = "<group>"; };
		D62805711F9F8971003E879D /* Base */ = {isa = PBXFileReference; lastKnownFileType = file.storyboard; name = Base; path = Base.lproj/LaunchScreen.storyboard; sourceTree = "<group>"; };
		D62805731F9F8971003E879D /* Info.plist */ = {isa = PBXFileReference; lastKnownFileType = text.plist.xml; path = Info.plist; sourceTree = "<group>"; };
		D62805A61F9F8E79003E879D /* UIView.swift */ = {isa = PBXFileReference; fileEncoding = 4; lastKnownFileType = sourcecode.swift; path = UIView.swift; sourceTree = "<group>"; };
		D62805A91F9F8E79003E879D /* UIColor.swift */ = {isa = PBXFileReference; fileEncoding = 4; lastKnownFileType = sourcecode.swift; path = UIColor.swift; sourceTree = "<group>"; };
		D62805AC1F9F8E79003E879D /* UITableView.swift */ = {isa = PBXFileReference; fileEncoding = 4; lastKnownFileType = sourcecode.swift; path = UITableView.swift; sourceTree = "<group>"; };
		D62805AE1F9F8E79003E879D /* Data.swift */ = {isa = PBXFileReference; fileEncoding = 4; lastKnownFileType = sourcecode.swift; path = Data.swift; sourceTree = "<group>"; };
		D62805AF1F9F8E79003E879D /* Date.swift */ = {isa = PBXFileReference; fileEncoding = 4; lastKnownFileType = sourcecode.swift; path = Date.swift; sourceTree = "<group>"; };
		D62805B01F9F8E79003E879D /* Dictionary.swift */ = {isa = PBXFileReference; fileEncoding = 4; lastKnownFileType = sourcecode.swift; path = Dictionary.swift; sourceTree = "<group>"; };
		D62805B11F9F8E79003E879D /* String.swift */ = {isa = PBXFileReference; fileEncoding = 4; lastKnownFileType = sourcecode.swift; path = String.swift; sourceTree = "<group>"; };
		D62805B21F9F8E79003E879D /* UIImage.swift */ = {isa = PBXFileReference; fileEncoding = 4; lastKnownFileType = sourcecode.swift; path = UIImage.swift; sourceTree = "<group>"; };
		D62805B31F9F8E79003E879D /* UIViewController.swift */ = {isa = PBXFileReference; fileEncoding = 4; lastKnownFileType = sourcecode.swift; path = UIViewController.swift; sourceTree = "<group>"; };
		D62805B41F9F8E79003E879D /* UIImageView.swift */ = {isa = PBXFileReference; fileEncoding = 4; lastKnownFileType = sourcecode.swift; path = UIImageView.swift; sourceTree = "<group>"; };
		D62805B51F9F8E79003E879D /* Double.swift */ = {isa = PBXFileReference; fileEncoding = 4; lastKnownFileType = sourcecode.swift; path = Double.swift; sourceTree = "<group>"; };
		D62805B71F9F8E79003E879D /* UITapGestureRecognizer.swift */ = {isa = PBXFileReference; fileEncoding = 4; lastKnownFileType = sourcecode.swift; path = UITapGestureRecognizer.swift; sourceTree = "<group>"; };
/* End PBXFileReference section */

/* Begin PBXFrameworksBuildPhase section */
		D62805611F9F8971003E879D /* Frameworks */ = {
			isa = PBXFrameworksBuildPhase;
			buildActionMask = 2147483647;
			files = (
				078A87952840B3E600E4E2E1 /* ObjectMapper in Frameworks */,
				078A877D2840A68F00E4E2E1 /* MBProgressHUD in Frameworks */,
				078A87772840A5CE00E4E2E1 /* Alamofire in Frameworks */,
				078A877A2840A61D00E4E2E1 /* IQKeyboardManagerSwift in Frameworks */,
			);
			runOnlyForDeploymentPostprocessing = 0;
		};
/* End PBXFrameworksBuildPhase section */

/* Begin PBXGroup section */
		D628055B1F9F8971003E879D = {
			isa = PBXGroup;
			children = (
				D62805661F9F8971003E879D /* BaseCode */,
				D62805651F9F8971003E879D /* Products */,
			);
			sourceTree = "<group>";
		};
		D62805651F9F8971003E879D /* Products */ = {
			isa = PBXGroup;
			children = (
				D62805641F9F8971003E879D /* BaseCode.app */,
			);
			name = Products;
			sourceTree = "<group>";
		};
		D62805661F9F8971003E879D /* BaseCode */ = {
			isa = PBXGroup;
			children = (
				D9CDD4572771DF550036C036 /* Components */,
				D90807C4277352EE004C78EB /* Coordinator */,
				D62805A41F9F8E79003E879D /* Extensions */,
				D9CDD4592771DF8F0036C036 /* Globals */,
				D9CDD4562771DF430036C036 /* Managers */,
				D6FCD14B2296952B0033E49A /* Models */,
				D628059D1F9F8E79003E879D /* Resources */,
				D63914F220886902008FF36F /* Storyboards */,
				D9CDD45A2771E1E30036C036 /* SupportingFiles */,
				D90807C327735280004C78EB /* ViewModels */,
				D6FCD14C229695400033E49A /* Views */,
			);
			path = BaseCode;
			sourceTree = "<group>";
		};
		D628059D1F9F8E79003E879D /* Resources */ = {
			isa = PBXGroup;
			children = (
				D628056E1F9F8971003E879D /* Assets.xcassets */,
				D6FCD1502296955C0033E49A /* Fonts */,
			);
			path = Resources;
			sourceTree = "<group>";
		};
		D62805A41F9F8E79003E879D /* Extensions */ = {
			isa = PBXGroup;
			children = (
				D62805AE1F9F8E79003E879D /* Data.swift */,
				D62805AF1F9F8E79003E879D /* Date.swift */,
				D62805B01F9F8E79003E879D /* Dictionary.swift */,
				D62805B51F9F8E79003E879D /* Double.swift */,
				D62805B11F9F8E79003E879D /* String.swift */,
				078A878A2840AE1800E4E2E1 /* UIButton.swift */,
				078A878E2840B08100E4E2E1 /* UICollectionViewCell.swift */,
				D62805A91F9F8E79003E879D /* UIColor.swift */,
				078A878C2840AEDC00E4E2E1 /* UIFont.swift */,
				D62805B21F9F8E79003E879D /* UIImage.swift */,
				D62805B41F9F8E79003E879D /* UIImageView.swift */,
				078A87842840A93300E4E2E1 /* UINavigationController.swift */,
				078A87862840A95300E4E2E1 /* UIStoryboard.swift */,
				D62805AC1F9F8E79003E879D /* UITableView.swift */,
				078A87882840AC0900E4E2E1 /* UITableViewCell.swift */,
				D62805B71F9F8E79003E879D /* UITapGestureRecognizer.swift */,
				D62805A61F9F8E79003E879D /* UIView.swift */,
				D62805B31F9F8E79003E879D /* UIViewController.swift */,
			);
			path = Extensions;
			sourceTree = "<group>";
		};
		D63914F220886902008FF36F /* Storyboards */ = {
			isa = PBXGroup;
			children = (
				D62805701F9F8971003E879D /* LaunchScreen.storyboard */,
				D628056B1F9F8971003E879D /* Main.storyboard */,
			);
			path = Storyboards;
			sourceTree = "<group>";
		};
		D6FCD14B2296952B0033E49A /* Models */ = {
			isa = PBXGroup;
			children = (
				078A87912840B36300E4E2E1 /* AppError.swift */,
			);
			path = Models;
			sourceTree = "<group>";
		};
		D6FCD14C229695400033E49A /* Views */ = {
			isa = PBXGroup;
			children = (
				D90807C227735261004C78EB /* Base */,
				D62805691F9F8971003E879D /* ViewController.swift */,
			);
			path = Views;
			sourceTree = "<group>";
		};
		D6FCD14D229695450033E49A /* Cells */ = {
			isa = PBXGroup;
			children = (
			);
			path = Cells;
			sourceTree = "<group>";
		};
		D6FCD1502296955C0033E49A /* Fonts */ = {
			isa = PBXGroup;
			children = (
			);
			path = Fonts;
			sourceTree = "<group>";
		};
		D90807C227735261004C78EB /* Base */ = {
			isa = PBXGroup;
			children = (
				078A87A22840D15100E4E2E1 /* BaseViewController.swift */,
			);
			path = Base;
			sourceTree = "<group>";
		};
		D90807C327735280004C78EB /* ViewModels */ = {
			isa = PBXGroup;
			children = (
			);
			path = ViewModels;
			sourceTree = "<group>";
		};
		D90807C4277352EE004C78EB /* Coordinator */ = {
			isa = PBXGroup;
			children = (
				078A87802840A72700E4E2E1 /* AppCoordinator.swift */,
				078A877E2840A71A00E4E2E1 /* Coordinator.swift */,
			);
			path = Coordinator;
			sourceTree = "<group>";
		};
		D9CDD4562771DF430036C036 /* Managers */ = {
			isa = PBXGroup;
			children = (
				071D3C462840A1AF0037728F /* APIClient.swift */,
				071D3C482840A1D60037728F /* LoaderManager.swift */,
				071D3C442840A1A60037728F /* UserDefaultsManager.swift */,
			);
			path = Managers;
			sourceTree = "<group>";
		};
		D9CDD4572771DF550036C036 /* Components */ = {
			isa = PBXGroup;
			children = (
				D6FCD14D229695450033E49A /* Cells */,
			);
			path = Components;
			sourceTree = "<group>";
		};
		D9CDD4592771DF8F0036C036 /* Globals */ = {
			isa = PBXGroup;
			children = (
				078A87962840B44300E4E2E1 /* AppConstants.swift */,
				078A87982840B4BA00E4E2E1 /* Endpoint.swift */,
				078A879A2840B4E000E4E2E1 /* Environment.swift */,
				078A879E2840B64900E4E2E1 /* Localizable.strings */,
				078A879C2840B5B800E4E2E1 /* LocalizedKey.swift */,
				C71811EB22CA4DF300D3F3BE /* Utils.swift */,
			);
			path = Globals;
			sourceTree = "<group>";
		};
		D9CDD45A2771E1E30036C036 /* SupportingFiles */ = {
			isa = PBXGroup;
			children = (
				D62805671F9F8971003E879D /* AppDelegate.swift */,
				D62805731F9F8971003E879D /* Info.plist */,
				078A87822840A7A800E4E2E1 /* SceneDelegate.swift */,
			);
			path = SupportingFiles;
			sourceTree = "<group>";
		};
/* End PBXGroup section */

/* Begin PBXNativeTarget section */
		D62805631F9F8971003E879D /* BaseCode */ = {
			isa = PBXNativeTarget;
			buildConfigurationList = D62805761F9F8971003E879D /* Build configuration list for PBXNativeTarget "BaseCode" */;
			buildPhases = (
				D62805601F9F8971003E879D /* Sources */,
				D62805611F9F8971003E879D /* Frameworks */,
				D62805621F9F8971003E879D /* Resources */,
			);
			buildRules = (
			);
			dependencies = (
			);
			name = BaseCode;
			packageProductDependencies = (
				078A87762840A5CE00E4E2E1 /* Alamofire */,
				078A87792840A61D00E4E2E1 /* IQKeyboardManagerSwift */,
				078A877C2840A68F00E4E2E1 /* MBProgressHUD */,
				078A87942840B3E600E4E2E1 /* ObjectMapper */,
			);
			productName = BaseComponents;
			productReference = D62805641F9F8971003E879D /* BaseCode.app */;
			productType = "com.apple.product-type.application";
		};
/* End PBXNativeTarget section */

/* Begin PBXProject section */
		D628055C1F9F8971003E879D /* Project object */ = {
			isa = PBXProject;
			attributes = {
				BuildIndependentTargetsInParallel = YES;
				LastSwiftUpdateCheck = 0900;
				LastUpgradeCheck = 0900;
				ORGANIZATIONNAME = "Brainx Technologies";
				TargetAttributes = {
					D62805631F9F8971003E879D = {
						CreatedOnToolsVersion = 9.0;
						ProvisioningStyle = Automatic;
					};
				};
			};
			buildConfigurationList = D628055F1F9F8971003E879D /* Build configuration list for PBXProject "BaseCode" */;
			compatibilityVersion = "Xcode 8.0";
			developmentRegion = en;
			hasScannedForEncodings = 0;
			knownRegions = (
				en,
				Base,
			);
			mainGroup = D628055B1F9F8971003E879D;
			packageReferences = (
				078A87752840A5CE00E4E2E1 /* XCRemoteSwiftPackageReference "Alamofire" */,
				078A87782840A61D00E4E2E1 /* XCRemoteSwiftPackageReference "IQKeyboardManager" */,
				078A877B2840A68F00E4E2E1 /* XCRemoteSwiftPackageReference "MBProgressHUD" */,
				078A87932840B3E600E4E2E1 /* XCRemoteSwiftPackageReference "ObjectMapper" */,
			);
			productRefGroup = D62805651F9F8971003E879D /* Products */;
			projectDirPath = "";
			projectRoot = "";
			targets = (
				D62805631F9F8971003E879D /* BaseCode */,
			);
		};
/* End PBXProject section */

/* Begin PBXResourcesBuildPhase section */
		D62805621F9F8971003E879D /* Resources */ = {
			isa = PBXResourcesBuildPhase;
			buildActionMask = 2147483647;
			files = (
				D62805721F9F8971003E879D /* LaunchScreen.storyboard in Resources */,
				078A879F2840B64900E4E2E1 /* Localizable.strings in Resources */,
				D628056F1F9F8971003E879D /* Assets.xcassets in Resources */,
				D628056D1F9F8971003E879D /* Main.storyboard in Resources */,
			);
			runOnlyForDeploymentPostprocessing = 0;
		};
/* End PBXResourcesBuildPhase section */

/* Begin PBXSourcesBuildPhase section */
		D62805601F9F8971003E879D /* Sources */ = {
			isa = PBXSourcesBuildPhase;
			buildActionMask = 2147483647;
			files = (
				078A87812840A72700E4E2E1 /* AppCoordinator.swift in Sources */,
				078A87872840A95300E4E2E1 /* UIStoryboard.swift in Sources */,
				078A87922840B36300E4E2E1 /* AppError.swift in Sources */,
				071D3C492840A1D60037728F /* LoaderManager.swift in Sources */,
				D62805E21F9F8E7A003E879D /* UIImage.swift in Sources */,
				078A87A32840D15100E4E2E1 /* BaseViewController.swift in Sources */,
				D628056A1F9F8971003E879D /* ViewController.swift in Sources */,
				078A879B2840B4E000E4E2E1 /* Environment.swift in Sources */,
				D62805E31F9F8E7A003E879D /* UIViewController.swift in Sources */,
				078A87832840A7A800E4E2E1 /* SceneDelegate.swift in Sources */,
				D62805DC1F9F8E7A003E879D /* UITableView.swift in Sources */,
				078A87992840B4BA00E4E2E1 /* Endpoint.swift in Sources */,
				D62805E41F9F8E7A003E879D /* UIImageView.swift in Sources */,
				078A87852840A93300E4E2E1 /* UINavigationController.swift in Sources */,
				071D3C472840A1AF0037728F /* APIClient.swift in Sources */,
				D62805E71F9F8E7A003E879D /* UITapGestureRecognizer.swift in Sources */,
				D62805681F9F8971003E879D /* AppDelegate.swift in Sources */,
				D62805E01F9F8E7A003E879D /* Dictionary.swift in Sources */,
				D62805DE1F9F8E7A003E879D /* Data.swift in Sources */,
				D62805D91F9F8E7A003E879D /* UIColor.swift in Sources */,
				D62805E11F9F8E7A003E879D /* String.swift in Sources */,
				D62805E51F9F8E7A003E879D /* Double.swift in Sources */,
				071D3C452840A1A60037728F /* UserDefaultsManager.swift in Sources */,
				D62805DF1F9F8E7A003E879D /* Date.swift in Sources */,
				078A87972840B44300E4E2E1 /* AppConstants.swift in Sources */,
				D62805D61F9F8E7A003E879D /* UIView.swift in Sources */,
				C71811EC22CA4DF300D3F3BE /* Utils.swift in Sources */,
				078A878F2840B08100E4E2E1 /* UICollectionViewCell.swift in Sources */,
				078A878D2840AEDC00E4E2E1 /* UIFont.swift in Sources */,
				078A877F2840A71A00E4E2E1 /* Coordinator.swift in Sources */,
				078A879D2840B5B800E4E2E1 /* LocalizedKey.swift in Sources */,
				078A87892840AC0900E4E2E1 /* UITableViewCell.swift in Sources */,
				078A878B2840AE1800E4E2E1 /* UIButton.swift in Sources */,
			);
			runOnlyForDeploymentPostprocessing = 0;
		};
/* End PBXSourcesBuildPhase section */

/* Begin PBXVariantGroup section */
		D628056B1F9F8971003E879D /* Main.storyboard */ = {
			isa = PBXVariantGroup;
			children = (
				D628056C1F9F8971003E879D /* Base */,
			);
			name = Main.storyboard;
			sourceTree = "<group>";
		};
		D62805701F9F8971003E879D /* LaunchScreen.storyboard */ = {
			isa = PBXVariantGroup;
			children = (
				D62805711F9F8971003E879D /* Base */,
			);
			name = LaunchScreen.storyboard;
			sourceTree = "<group>";
		};
/* End PBXVariantGroup section */

/* Begin XCBuildConfiguration section */
		D62805741F9F8971003E879D /* Debug */ = {
			isa = XCBuildConfiguration;
			buildSettings = {
				ALWAYS_SEARCH_USER_PATHS = NO;
				CLANG_ANALYZER_NONNULL = YES;
				CLANG_ANALYZER_NUMBER_OBJECT_CONVERSION = YES_AGGRESSIVE;
				CLANG_CXX_LANGUAGE_STANDARD = "gnu++14";
				CLANG_CXX_LIBRARY = "libc++";
				CLANG_ENABLE_MODULES = YES;
				CLANG_ENABLE_OBJC_ARC = YES;
				CLANG_WARN_BLOCK_CAPTURE_AUTORELEASING = YES;
				CLANG_WARN_BOOL_CONVERSION = YES;
				CLANG_WARN_COMMA = YES;
				CLANG_WARN_CONSTANT_CONVERSION = YES;
				CLANG_WARN_DIRECT_OBJC_ISA_USAGE = YES_ERROR;
				CLANG_WARN_DOCUMENTATION_COMMENTS = YES;
				CLANG_WARN_EMPTY_BODY = YES;
				CLANG_WARN_ENUM_CONVERSION = YES;
				CLANG_WARN_INFINITE_RECURSION = YES;
				CLANG_WARN_INT_CONVERSION = YES;
				CLANG_WARN_NON_LITERAL_NULL_CONVERSION = YES;
				CLANG_WARN_OBJC_LITERAL_CONVERSION = YES;
				CLANG_WARN_OBJC_ROOT_CLASS = YES_ERROR;
				CLANG_WARN_RANGE_LOOP_ANALYSIS = YES;
				CLANG_WARN_STRICT_PROTOTYPES = YES;
				CLANG_WARN_SUSPICIOUS_MOVE = YES;
				CLANG_WARN_UNGUARDED_AVAILABILITY = YES_AGGRESSIVE;
				CLANG_WARN_UNREACHABLE_CODE = YES;
				CLANG_WARN__DUPLICATE_METHOD_MATCH = YES;
				CODE_SIGN_IDENTITY = "iPhone Developer";
				COPY_PHASE_STRIP = NO;
				DEBUG_INFORMATION_FORMAT = dwarf;
				ENABLE_STRICT_OBJC_MSGSEND = YES;
				ENABLE_TESTABILITY = YES;
				GCC_C_LANGUAGE_STANDARD = gnu11;
				GCC_DYNAMIC_NO_PIC = NO;
				GCC_NO_COMMON_BLOCKS = YES;
				GCC_OPTIMIZATION_LEVEL = 0;
				GCC_PREPROCESSOR_DEFINITIONS = (
					"DEBUG=1",
					"$(inherited)",
				);
				GCC_WARN_64_TO_32_BIT_CONVERSION = YES;
				GCC_WARN_ABOUT_RETURN_TYPE = YES_ERROR;
				GCC_WARN_UNDECLARED_SELECTOR = YES;
				GCC_WARN_UNINITIALIZED_AUTOS = YES_AGGRESSIVE;
				GCC_WARN_UNUSED_FUNCTION = YES;
				GCC_WARN_UNUSED_VARIABLE = YES;
				IPHONEOS_DEPLOYMENT_TARGET = 13.0;
				MTL_ENABLE_DEBUG_INFO = YES;
				ONLY_ACTIVE_ARCH = YES;
				SDKROOT = iphoneos;
				SWIFT_ACTIVE_COMPILATION_CONDITIONS = DEBUG;
				SWIFT_OPTIMIZATION_LEVEL = "-Onone";
			};
			name = Debug;
		};
		D62805751F9F8971003E879D /* Release */ = {
			isa = XCBuildConfiguration;
			buildSettings = {
				ALWAYS_SEARCH_USER_PATHS = NO;
				CLANG_ANALYZER_NONNULL = YES;
				CLANG_ANALYZER_NUMBER_OBJECT_CONVERSION = YES_AGGRESSIVE;
				CLANG_CXX_LANGUAGE_STANDARD = "gnu++14";
				CLANG_CXX_LIBRARY = "libc++";
				CLANG_ENABLE_MODULES = YES;
				CLANG_ENABLE_OBJC_ARC = YES;
				CLANG_WARN_BLOCK_CAPTURE_AUTORELEASING = YES;
				CLANG_WARN_BOOL_CONVERSION = YES;
				CLANG_WARN_COMMA = YES;
				CLANG_WARN_CONSTANT_CONVERSION = YES;
				CLANG_WARN_DIRECT_OBJC_ISA_USAGE = YES_ERROR;
				CLANG_WARN_DOCUMENTATION_COMMENTS = YES;
				CLANG_WARN_EMPTY_BODY = YES;
				CLANG_WARN_ENUM_CONVERSION = YES;
				CLANG_WARN_INFINITE_RECURSION = YES;
				CLANG_WARN_INT_CONVERSION = YES;
				CLANG_WARN_NON_LITERAL_NULL_CONVERSION = YES;
				CLANG_WARN_OBJC_LITERAL_CONVERSION = YES;
				CLANG_WARN_OBJC_ROOT_CLASS = YES_ERROR;
				CLANG_WARN_RANGE_LOOP_ANALYSIS = YES;
				CLANG_WARN_STRICT_PROTOTYPES = YES;
				CLANG_WARN_SUSPICIOUS_MOVE = YES;
				CLANG_WARN_UNGUARDED_AVAILABILITY = YES_AGGRESSIVE;
				CLANG_WARN_UNREACHABLE_CODE = YES;
				CLANG_WARN__DUPLICATE_METHOD_MATCH = YES;
				CODE_SIGN_IDENTITY = "iPhone Developer";
				COPY_PHASE_STRIP = NO;
				DEBUG_INFORMATION_FORMAT = "dwarf-with-dsym";
				ENABLE_NS_ASSERTIONS = NO;
				ENABLE_STRICT_OBJC_MSGSEND = YES;
				GCC_C_LANGUAGE_STANDARD = gnu11;
				GCC_NO_COMMON_BLOCKS = YES;
				GCC_WARN_64_TO_32_BIT_CONVERSION = YES;
				GCC_WARN_ABOUT_RETURN_TYPE = YES_ERROR;
				GCC_WARN_UNDECLARED_SELECTOR = YES;
				GCC_WARN_UNINITIALIZED_AUTOS = YES_AGGRESSIVE;
				GCC_WARN_UNUSED_FUNCTION = YES;
				GCC_WARN_UNUSED_VARIABLE = YES;
				IPHONEOS_DEPLOYMENT_TARGET = 13.0;
				MTL_ENABLE_DEBUG_INFO = NO;
				SDKROOT = iphoneos;
				SWIFT_COMPILATION_MODE = wholemodule;
				SWIFT_OPTIMIZATION_LEVEL = "-O";
				VALIDATE_PRODUCT = YES;
			};
			name = Release;
		};
		D62805771F9F8971003E879D /* Debug */ = {
			isa = XCBuildConfiguration;
			buildSettings = {
				ASSETCATALOG_COMPILER_APPICON_NAME = AppIcon;
				CODE_SIGN_STYLE = Automatic;
				DEVELOPMENT_TEAM = B5V93DYMK7;
				INFOPLIST_FILE = "$(SRCROOT)/BaseCode/SupportingFiles/Info.plist";
				IPHONEOS_DEPLOYMENT_TARGET = 13.0;
				LD_RUNPATH_SEARCH_PATHS = (
					"$(inherited)",
					"@executable_path/Frameworks",
				);
				PRODUCT_BUNDLE_IDENTIFIER = com.brainxtech.BaseCode;
				PRODUCT_NAME = "$(TARGET_NAME)";
				SWIFT_VERSION = 5.0;
				TARGETED_DEVICE_FAMILY = "1,2";
			};
			name = Debug;
		};
		D62805781F9F8971003E879D /* Release */ = {
			isa = XCBuildConfiguration;
			buildSettings = {
				ASSETCATALOG_COMPILER_APPICON_NAME = AppIcon;
				CODE_SIGN_STYLE = Automatic;
				DEVELOPMENT_TEAM = B5V93DYMK7;
				INFOPLIST_FILE = "$(SRCROOT)/BaseCode/SupportingFiles/Info.plist";
				IPHONEOS_DEPLOYMENT_TARGET = 13.0;
				LD_RUNPATH_SEARCH_PATHS = (
					"$(inherited)",
					"@executable_path/Frameworks",
				);
				PRODUCT_BUNDLE_IDENTIFIER = com.brainxtech.BaseCode;
				PRODUCT_NAME = "$(TARGET_NAME)";
				SWIFT_VERSION = 5.0;
				TARGETED_DEVICE_FAMILY = "1,2";
			};
			name = Release;
		};
/* End XCBuildConfiguration section */

/* Begin XCConfigurationList section */
		D628055F1F9F8971003E879D /* Build configuration list for PBXProject "BaseCode" */ = {
			isa = XCConfigurationList;
			buildConfigurations = (
				D62805741F9F8971003E879D /* Debug */,
				D62805751F9F8971003E879D /* Release */,
			);
			defaultConfigurationIsVisible = 0;
			defaultConfigurationName = Release;
		};
		D62805761F9F8971003E879D /* Build configuration list for PBXNativeTarget "BaseCode" */ = {
			isa = XCConfigurationList;
			buildConfigurations = (
				D62805771F9F8971003E879D /* Debug */,
				D62805781F9F8971003E879D /* Release */,
			);
			defaultConfigurationIsVisible = 0;
			defaultConfigurationName = Release;
		};
/* End XCConfigurationList section */

/* Begin XCRemoteSwiftPackageReference section */
		078A87752840A5CE00E4E2E1 /* XCRemoteSwiftPackageReference "Alamofire" */ = {
			isa = XCRemoteSwiftPackageReference;
			repositoryURL = "https://github.com/Alamofire/Alamofire.git";
			requirement = {
				kind = upToNextMajorVersion;
				minimumVersion = 5.0.0;
			};
		};
		078A87782840A61D00E4E2E1 /* XCRemoteSwiftPackageReference "IQKeyboardManager" */ = {
			isa = XCRemoteSwiftPackageReference;
			repositoryURL = "https://github.com/hackiftekhar/IQKeyboardManager.git";
			requirement = {
				branch = master;
				kind = branch;
			};
		};
		078A877B2840A68F00E4E2E1 /* XCRemoteSwiftPackageReference "MBProgressHUD" */ = {
			isa = XCRemoteSwiftPackageReference;
			repositoryURL = "https://github.com/jdg/MBProgressHUD.git";
			requirement = {
				kind = upToNextMajorVersion;
				minimumVersion = 1.0.0;
			};
		};
		078A87932840B3E600E4E2E1 /* XCRemoteSwiftPackageReference "ObjectMapper" */ = {
			isa = XCRemoteSwiftPackageReference;
			repositoryURL = "https://github.com/tristanhimmelman/ObjectMapper.git";
			requirement = {
				kind = upToNextMajorVersion;
				minimumVersion = 4.0.0;
			};
		};
/* End XCRemoteSwiftPackageReference section */

/* Begin XCSwiftPackageProductDependency section */
		078A87762840A5CE00E4E2E1 /* Alamofire */ = {
			isa = XCSwiftPackageProductDependency;
			package = 078A87752840A5CE00E4E2E1 /* XCRemoteSwiftPackageReference "Alamofire" */;
			productName = Alamofire;
		};
		078A87792840A61D00E4E2E1 /* IQKeyboardManagerSwift */ = {
			isa = XCSwiftPackageProductDependency;
			package = 078A87782840A61D00E4E2E1 /* XCRemoteSwiftPackageReference "IQKeyboardManager" */;
			productName = IQKeyboardManagerSwift;
		};
		078A877C2840A68F00E4E2E1 /* MBProgressHUD */ = {
			isa = XCSwiftPackageProductDependency;
			package = 078A877B2840A68F00E4E2E1 /* XCRemoteSwiftPackageReference "MBProgressHUD" */;
			productName = MBProgressHUD;
		};
		078A87942840B3E600E4E2E1 /* ObjectMapper */ = {
			isa = XCSwiftPackageProductDependency;
			package = 078A87932840B3E600E4E2E1 /* XCRemoteSwiftPackageReference "ObjectMapper" */;
			productName = ObjectMapper;
		};
/* End XCSwiftPackageProductDependency section */
	};
	rootObject = D628055C1F9F8971003E879D /* Project object */;
}
