// !$*UTF8*$!
{
	archiveVersion = 1;
	classes = {
	};
	objectVersion = 56;
	objects = {

/* Begin PBXBuildFile section */
		18209E7F2A7146690024F47B /* AppDelegate.swift in Sources */ = {isa = PBXBuildFile; fileRef = 18209E7E2A7146690024F47B /* AppDelegate.swift */; };
		18209E812A7146690024F47B /* SceneDelegate.swift in Sources */ = {isa = PBXBuildFile; fileRef = 18209E802A7146690024F47B /* SceneDelegate.swift */; };
		18209E862A7146690024F47B /* Main.storyboard in Resources */ = {isa = PBXBuildFile; fileRef = 18209E842A7146690024F47B /* Main.storyboard */; };
		18209E882A71466A0024F47B /* Assets.xcassets in Resources */ = {isa = PBXBuildFile; fileRef = 18209E872A71466A0024F47B /* Assets.xcassets */; };
		18209E8B2A71466A0024F47B /* LaunchScreen.storyboard in Resources */ = {isa = PBXBuildFile; fileRef = 18209E892A71466A0024F47B /* LaunchScreen.storyboard */; };
		18209E952A7149630024F47B /* APIManager in Frameworks */ = {isa = PBXBuildFile; productRef = 18209E942A7149630024F47B /* APIManager */; };
		18209E982A7149840024F47B /* SwiftDI in Frameworks */ = {isa = PBXBuildFile; productRef = 18209E972A7149840024F47B /* SwiftDI */; };
		18209EA42A714A250024F47B /* ViewController.swift in Sources */ = {isa = PBXBuildFile; fileRef = 18209EA32A714A250024F47B /* ViewController.swift */; };
		18209EA62A714A390024F47B /* ViewModel.swift in Sources */ = {isa = PBXBuildFile; fileRef = 18209EA52A714A390024F47B /* ViewModel.swift */; };
		18209EA82A714AB30024F47B /* UIViewController.swift in Sources */ = {isa = PBXBuildFile; fileRef = 18209EA72A714AB30024F47B /* UIViewController.swift */; };
		18209EAE2A7245330024F47B /* swiftgen.yml in Resources */ = {isa = PBXBuildFile; fileRef = 18209EAD2A7245330024F47B /* swiftgen.yml */; };
		18209EB42A7245720024F47B /* Localizable.strings in Resources */ = {isa = PBXBuildFile; fileRef = 18209EB62A7245720024F47B /* Localizable.strings */; };
		18209EBB2A7249140024F47B /* Assets.swift in Sources */ = {isa = PBXBuildFile; fileRef = 18209EB92A7249140024F47B /* Assets.swift */; };
		18209EBC2A7249140024F47B /* Strings.swift in Sources */ = {isa = PBXBuildFile; fileRef = 18209EBA2A7249140024F47B /* Strings.swift */; };
		18209EBF2A72493F0024F47B /* InfoPlist.strings in Resources */ = {isa = PBXBuildFile; fileRef = 18209EBD2A72493F0024F47B /* InfoPlist.strings */; };
		18209EC12A724CC50024F47B /* Router.swift in Sources */ = {isa = PBXBuildFile; fileRef = 18209EC02A724CC50024F47B /* Router.swift */; };
		18209EC32A724D5D0024F47B /* Route.swift in Sources */ = {isa = PBXBuildFile; fileRef = 18209EC22A724D5D0024F47B /* Route.swift */; };
		18209EC52A724D860024F47B /* Sheet.swift in Sources */ = {isa = PBXBuildFile; fileRef = 18209EC42A724D860024F47B /* Sheet.swift */; };
		18209EC72A724E030024F47B /* AppRouter.swift in Sources */ = {isa = PBXBuildFile; fileRef = 18209EC62A724E030024F47B /* AppRouter.swift */; };
		18209ECB2A7257940024F47B /* SplashViewController.swift in Sources */ = {isa = PBXBuildFile; fileRef = 18209EC92A7257940024F47B /* SplashViewController.swift */; };
		18209ECC2A7257940024F47B /* SplashViewController.xib in Resources */ = {isa = PBXBuildFile; fileRef = 18209ECA2A7257940024F47B /* SplashViewController.xib */; };
		18209ECE2A7257B90024F47B /* SplashViewModel.swift in Sources */ = {isa = PBXBuildFile; fileRef = 18209ECD2A7257B90024F47B /* SplashViewModel.swift */; };
		18209ED12A725B6F0024F47B /* Environment.swift in Sources */ = {isa = PBXBuildFile; fileRef = 18209ED02A725B6F0024F47B /* Environment.swift */; };
		18209ED42A725C770024F47B /* UIFont.swift in Sources */ = {isa = PBXBuildFile; fileRef = 18209ED32A725C770024F47B /* UIFont.swift */; };
		18209ED62A725CD40024F47B /* Config.swift in Sources */ = {isa = PBXBuildFile; fileRef = 18209ED52A725CD40024F47B /* Config.swift */; };
		18209ED82A725FD90024F47B /* UITableViewCell.swift in Sources */ = {isa = PBXBuildFile; fileRef = 18209ED72A725FD90024F47B /* UITableViewCell.swift */; };
		18209EDA2A725FEB0024F47B /* UITableView.swift in Sources */ = {isa = PBXBuildFile; fileRef = 18209ED92A725FEB0024F47B /* UITableView.swift */; };
		18209EDC2A7260210024F47B /* UICollectionViewCell.swift in Sources */ = {isa = PBXBuildFile; fileRef = 18209EDB2A7260210024F47B /* UICollectionViewCell.swift */; };
		18209EDE2A7260320024F47B /* UICollectionView.swift in Sources */ = {isa = PBXBuildFile; fileRef = 18209EDD2A7260320024F47B /* UICollectionView.swift */; };
		18209EE02A72605B0024F47B /* String.swift in Sources */ = {isa = PBXBuildFile; fileRef = 18209EDF2A72605B0024F47B /* String.swift */; };
		18209EE22A7260B70024F47B /* UIView.swift in Sources */ = {isa = PBXBuildFile; fileRef = 18209EE12A7260B70024F47B /* UIView.swift */; };
		18209EE42A7260D30024F47B /* XibView.swift in Sources */ = {isa = PBXBuildFile; fileRef = 18209EE32A7260D30024F47B /* XibView.swift */; };
		18209EE72A7261C30024F47B /* Storage.swift in Sources */ = {isa = PBXBuildFile; fileRef = 18209EE62A7261C30024F47B /* Storage.swift */; };
		432861532AA0AD8F00361D50 /* CustomPageControl.swift in Sources */ = {isa = PBXBuildFile; fileRef = 432861522AA0AD8F00361D50 /* CustomPageControl.swift */; };
		4347E03A2A9C65F50082A3B1 /* AgeSelectionView.swift in Sources */ = {isa = PBXBuildFile; fileRef = 4347E0392A9C65F50082A3B1 /* AgeSelectionView.swift */; };
		4347E0402A9C66130082A3B1 /* AgeSelectionViewModel.swift in Sources */ = {isa = PBXBuildFile; fileRef = 4347E03F2A9C66130082A3B1 /* AgeSelectionViewModel.swift */; };
		4347E0442A9C768B0082A3B1 /* AgeSelectionViewController.swift in Sources */ = {isa = PBXBuildFile; fileRef = 4347E0422A9C768B0082A3B1 /* AgeSelectionViewController.swift */; };
		4347E0452A9C768B0082A3B1 /* AgeSelectionViewController.xib in Resources */ = {isa = PBXBuildFile; fileRef = 4347E0432A9C768B0082A3B1 /* AgeSelectionViewController.xib */; };
		4347E0482A9C8EE70082A3B1 /* AvatarView.swift in Sources */ = {isa = PBXBuildFile; fileRef = 4347E0472A9C8EE70082A3B1 /* AvatarView.swift */; };
		4347E04E2A9C8F520082A3B1 /* AvatarViewModel.swift in Sources */ = {isa = PBXBuildFile; fileRef = 4347E04D2A9C8F520082A3B1 /* AvatarViewModel.swift */; };
		4347E0512A9CBAA90082A3B1 /* Gender.swift in Sources */ = {isa = PBXBuildFile; fileRef = 4347E0502A9CBAA90082A3B1 /* Gender.swift */; };
		4347E0542A9CDFEE0082A3B1 /* AvatarViewController.swift in Sources */ = {isa = PBXBuildFile; fileRef = 4347E0522A9CDFEE0082A3B1 /* AvatarViewController.swift */; };
		4347E0552A9CDFEE0082A3B1 /* AvatarViewController.xib in Resources */ = {isa = PBXBuildFile; fileRef = 4347E0532A9CDFEE0082A3B1 /* AvatarViewController.xib */; };
		4347E0592A9CE2DB0082A3B1 /* AvatarCollectionViewCell.swift in Sources */ = {isa = PBXBuildFile; fileRef = 4347E0572A9CE2DB0082A3B1 /* AvatarCollectionViewCell.swift */; };
		4347E05A2A9CE2DB0082A3B1 /* AvatarCollectionViewCell.xib in Resources */ = {isa = PBXBuildFile; fileRef = 4347E0582A9CE2DB0082A3B1 /* AvatarCollectionViewCell.xib */; };
		4347E05D2A9DD1520082A3B1 /* CircularProgressBarView.swift in Sources */ = {isa = PBXBuildFile; fileRef = 4347E05C2A9DD1520082A3B1 /* CircularProgressBarView.swift */; };
		4347E05F2A9E0D760082A3B1 /* Validation.swift in Sources */ = {isa = PBXBuildFile; fileRef = 4347E05E2A9E0D760082A3B1 /* Validation.swift */; };
		4347E0622A9E1DCE0082A3B1 /* PolicyView.swift in Sources */ = {isa = PBXBuildFile; fileRef = 4347E0612A9E1DCE0082A3B1 /* PolicyView.swift */; };
		4347E0682A9E1DF00082A3B1 /* PolicyViewModel.swift in Sources */ = {isa = PBXBuildFile; fileRef = 4347E0672A9E1DF00082A3B1 /* PolicyViewModel.swift */; };
		4347E06B2A9E1F260082A3B1 /* SwiftRichString in Frameworks */ = {isa = PBXBuildFile; productRef = 4347E06A2A9E1F260082A3B1 /* SwiftRichString */; };
		4347E06E2A9F05960082A3B1 /* PolicyViewController.swift in Sources */ = {isa = PBXBuildFile; fileRef = 4347E06C2A9F05960082A3B1 /* PolicyViewController.swift */; };
		4347E06F2A9F05960082A3B1 /* PolicyViewController.xib in Resources */ = {isa = PBXBuildFile; fileRef = 4347E06D2A9F05960082A3B1 /* PolicyViewController.xib */; };
		43B3E6062A961E1000F8247A /* splash.json in Resources */ = {isa = PBXBuildFile; fileRef = 43B3E6052A961E1000F8247A /* splash.json */; };
		43B3E6092A961E8B00F8247A /* Lottie in Frameworks */ = {isa = PBXBuildFile; productRef = 43B3E6082A961E8B00F8247A /* Lottie */; };
		43B3E6122A96290F00F8247A /* OnboardingView.swift in Sources */ = {isa = PBXBuildFile; fileRef = 43B3E6112A96290F00F8247A /* OnboardingView.swift */; };
		43B3E6142A96291B00F8247A /* OnboardingViewModel.swift in Sources */ = {isa = PBXBuildFile; fileRef = 43B3E6132A96291B00F8247A /* OnboardingViewModel.swift */; };
		43B3E61B2A962BAC00F8247A /* SF-Pro-Text-Regular.otf in Resources */ = {isa = PBXBuildFile; fileRef = 43B3E6172A962BAC00F8247A /* SF-Pro-Text-Regular.otf */; };
		43B3E61C2A962BAC00F8247A /* SF-Pro-Text-Medium.otf in Resources */ = {isa = PBXBuildFile; fileRef = 43B3E6182A962BAC00F8247A /* SF-Pro-Text-Medium.otf */; };
		43B3E61D2A962BAC00F8247A /* SF-Pro-Text-Bold.otf in Resources */ = {isa = PBXBuildFile; fileRef = 43B3E6192A962BAC00F8247A /* SF-Pro-Text-Bold.otf */; };
		43B3E61E2A962BAC00F8247A /* SF-Pro-Text-Semibold.otf in Resources */ = {isa = PBXBuildFile; fileRef = 43B3E61A2A962BAC00F8247A /* SF-Pro-Text-Semibold.otf */; };
		43B3E6242A962BF000F8247A /* SF-Pro-Display-Regular.otf in Resources */ = {isa = PBXBuildFile; fileRef = 43B3E6202A962BF000F8247A /* SF-Pro-Display-Regular.otf */; };
		43B3E6252A962BF000F8247A /* SF-Pro-Display-Semibold.otf in Resources */ = {isa = PBXBuildFile; fileRef = 43B3E6212A962BF000F8247A /* SF-Pro-Display-Semibold.otf */; };
		43B3E6262A962BF000F8247A /* SF-Pro-Display-Medium.otf in Resources */ = {isa = PBXBuildFile; fileRef = 43B3E6222A962BF000F8247A /* SF-Pro-Display-Medium.otf */; };
		43B3E6272A962BF000F8247A /* SF-Pro-Display-Bold.otf in Resources */ = {isa = PBXBuildFile; fileRef = 43B3E6232A962BF000F8247A /* SF-Pro-Display-Bold.otf */; };
		43B3E6292A976CA300F8247A /* SplashView.swift in Sources */ = {isa = PBXBuildFile; fileRef = 43B3E6282A976CA300F8247A /* SplashView.swift */; };
		43B3E62B2A976F0500F8247A /* UIColor.swift in Sources */ = {isa = PBXBuildFile; fileRef = 43B3E62A2A976F0500F8247A /* UIColor.swift */; };
		43B3E6382A97A37900F8247A /* OnboardingViewController.swift in Sources */ = {isa = PBXBuildFile; fileRef = 43B3E6362A97A37900F8247A /* OnboardingViewController.swift */; };
		43B3E6392A97A37900F8247A /* OnboardingViewController.xib in Resources */ = {isa = PBXBuildFile; fileRef = 43B3E6372A97A37900F8247A /* OnboardingViewController.xib */; };
		43B3E63D2A97A8F100F8247A /* OnboardingCollectionViewCell.swift in Sources */ = {isa = PBXBuildFile; fileRef = 43B3E63B2A97A8F100F8247A /* OnboardingCollectionViewCell.swift */; };
		43B3E63E2A97A8F100F8247A /* OnboardingCollectionViewCell.xib in Resources */ = {isa = PBXBuildFile; fileRef = 43B3E63C2A97A8F100F8247A /* OnboardingCollectionViewCell.xib */; };
		43B3E6402A97AA7100F8247A /* dna.json in Resources */ = {isa = PBXBuildFile; fileRef = 43B3E63F2A97AA7100F8247A /* dna.json */; };
		43B3E6422A97B29B00F8247A /* Images.swift in Sources */ = {isa = PBXBuildFile; fileRef = 43B3E6412A97B29B00F8247A /* Images.swift */; };
		43B3E6452A98A67100F8247A /* Onboarding.swift in Sources */ = {isa = PBXBuildFile; fileRef = 43B3E6442A98A67000F8247A /* Onboarding.swift */; };
		43D001F52A98AF1300E9729C /* UserRepository.swift in Sources */ = {isa = PBXBuildFile; fileRef = 43D001F42A98AF1300E9729C /* UserRepository.swift */; };
		43D001F92A98B6AC00E9729C /* AppConstants.swift in Sources */ = {isa = PBXBuildFile; fileRef = 43D001F82A98B6AC00E9729C /* AppConstants.swift */; };
		43D001FC2A98C26C00E9729C /* CreateProfileView.swift in Sources */ = {isa = PBXBuildFile; fileRef = 43D001FB2A98C26C00E9729C /* CreateProfileView.swift */; };
		43D001FF2A98C28300E9729C /* CreateProfileViewController.swift in Sources */ = {isa = PBXBuildFile; fileRef = 43D001FD2A98C28300E9729C /* CreateProfileViewController.swift */; };
		43D002002A98C28300E9729C /* CreateProfileViewController.xib in Resources */ = {isa = PBXBuildFile; fileRef = 43D001FE2A98C28300E9729C /* CreateProfileViewController.xib */; };
		43D002022A98C2AA00E9729C /* CreateProfileViewModel.swift in Sources */ = {isa = PBXBuildFile; fileRef = 43D002012A98C2AA00E9729C /* CreateProfileViewModel.swift */; };
/* End PBXBuildFile section */

/* Begin PBXFileReference section */
		18209E7B2A7146690024F47B /* BaseCode.app */ = {isa = PBXFileReference; explicitFileType = wrapper.application; includeInIndex = 0; path = BaseCode.app; sourceTree = BUILT_PRODUCTS_DIR; };
		18209E7E2A7146690024F47B /* AppDelegate.swift */ = {isa = PBXFileReference; lastKnownFileType = sourcecode.swift; path = AppDelegate.swift; sourceTree = "<group>"; };
		18209E802A7146690024F47B /* SceneDelegate.swift */ = {isa = PBXFileReference; lastKnownFileType = sourcecode.swift; path = SceneDelegate.swift; sourceTree = "<group>"; };
		18209E852A7146690024F47B /* Base */ = {isa = PBXFileReference; lastKnownFileType = file.storyboard; name = Base; path = Base.lproj/Main.storyboard; sourceTree = "<group>"; };
		18209E872A71466A0024F47B /* Assets.xcassets */ = {isa = PBXFileReference; lastKnownFileType = folder.assetcatalog; path = Assets.xcassets; sourceTree = "<group>"; };
		18209E8A2A71466A0024F47B /* Base */ = {isa = PBXFileReference; lastKnownFileType = file.storyboard; name = Base; path = Base.lproj/LaunchScreen.storyboard; sourceTree = "<group>"; };
		18209E8C2A71466A0024F47B /* Info.plist */ = {isa = PBXFileReference; lastKnownFileType = text.plist.xml; path = Info.plist; sourceTree = "<group>"; };
		18209EA32A714A250024F47B /* ViewController.swift */ = {isa = PBXFileReference; lastKnownFileType = sourcecode.swift; path = ViewController.swift; sourceTree = "<group>"; };
		18209EA52A714A390024F47B /* ViewModel.swift */ = {isa = PBXFileReference; lastKnownFileType = sourcecode.swift; path = ViewModel.swift; sourceTree = "<group>"; };
		18209EA72A714AB30024F47B /* UIViewController.swift */ = {isa = PBXFileReference; lastKnownFileType = sourcecode.swift; path = UIViewController.swift; sourceTree = "<group>"; };
		18209EAD2A7245330024F47B /* swiftgen.yml */ = {isa = PBXFileReference; fileEncoding = 4; lastKnownFileType = text.yaml; path = swiftgen.yml; sourceTree = "<group>"; };
		18209EB52A7245720024F47B /* en */ = {isa = PBXFileReference; lastKnownFileType = text.plist.strings; name = en; path = en.lproj/Localizable.strings; sourceTree = "<group>"; };
		18209EB92A7249140024F47B /* Assets.swift */ = {isa = PBXFileReference; fileEncoding = 4; lastKnownFileType = sourcecode.swift; path = Assets.swift; sourceTree = "<group>"; };
		18209EBA2A7249140024F47B /* Strings.swift */ = {isa = PBXFileReference; fileEncoding = 4; lastKnownFileType = sourcecode.swift; path = Strings.swift; sourceTree = "<group>"; };
		18209EBE2A72493F0024F47B /* en */ = {isa = PBXFileReference; lastKnownFileType = text.plist.strings; name = en; path = en.lproj/InfoPlist.strings; sourceTree = "<group>"; };
		18209EC02A724CC50024F47B /* Router.swift */ = {isa = PBXFileReference; lastKnownFileType = sourcecode.swift; path = Router.swift; sourceTree = "<group>"; };
		18209EC22A724D5D0024F47B /* Route.swift */ = {isa = PBXFileReference; lastKnownFileType = sourcecode.swift; path = Route.swift; sourceTree = "<group>"; };
		18209EC42A724D860024F47B /* Sheet.swift */ = {isa = PBXFileReference; lastKnownFileType = sourcecode.swift; path = Sheet.swift; sourceTree = "<group>"; };
		18209EC62A724E030024F47B /* AppRouter.swift */ = {isa = PBXFileReference; lastKnownFileType = sourcecode.swift; path = AppRouter.swift; sourceTree = "<group>"; };
		18209EC92A7257940024F47B /* SplashViewController.swift */ = {isa = PBXFileReference; lastKnownFileType = sourcecode.swift; path = SplashViewController.swift; sourceTree = "<group>"; };
		18209ECA2A7257940024F47B /* SplashViewController.xib */ = {isa = PBXFileReference; lastKnownFileType = file.xib; path = SplashViewController.xib; sourceTree = "<group>"; };
		18209ECD2A7257B90024F47B /* SplashViewModel.swift */ = {isa = PBXFileReference; lastKnownFileType = sourcecode.swift; path = SplashViewModel.swift; sourceTree = "<group>"; };
		18209ED02A725B6F0024F47B /* Environment.swift */ = {isa = PBXFileReference; lastKnownFileType = sourcecode.swift; path = Environment.swift; sourceTree = "<group>"; };
		18209ED32A725C770024F47B /* UIFont.swift */ = {isa = PBXFileReference; lastKnownFileType = sourcecode.swift; path = UIFont.swift; sourceTree = "<group>"; };
		18209ED52A725CD40024F47B /* Config.swift */ = {isa = PBXFileReference; lastKnownFileType = sourcecode.swift; path = Config.swift; sourceTree = "<group>"; };
		18209ED72A725FD90024F47B /* UITableViewCell.swift */ = {isa = PBXFileReference; lastKnownFileType = sourcecode.swift; path = UITableViewCell.swift; sourceTree = "<group>"; };
		18209ED92A725FEB0024F47B /* UITableView.swift */ = {isa = PBXFileReference; lastKnownFileType = sourcecode.swift; path = UITableView.swift; sourceTree = "<group>"; };
		18209EDB2A7260210024F47B /* UICollectionViewCell.swift */ = {isa = PBXFileReference; lastKnownFileType = sourcecode.swift; path = UICollectionViewCell.swift; sourceTree = "<group>"; };
		18209EDD2A7260320024F47B /* UICollectionView.swift */ = {isa = PBXFileReference; lastKnownFileType = sourcecode.swift; path = UICollectionView.swift; sourceTree = "<group>"; };
		18209EDF2A72605B0024F47B /* String.swift */ = {isa = PBXFileReference; lastKnownFileType = sourcecode.swift; path = String.swift; sourceTree = "<group>"; };
		18209EE12A7260B70024F47B /* UIView.swift */ = {isa = PBXFileReference; lastKnownFileType = sourcecode.swift; path = UIView.swift; sourceTree = "<group>"; };
		18209EE32A7260D30024F47B /* XibView.swift */ = {isa = PBXFileReference; lastKnownFileType = sourcecode.swift; path = XibView.swift; sourceTree = "<group>"; };
		18209EE62A7261C30024F47B /* Storage.swift */ = {isa = PBXFileReference; lastKnownFileType = sourcecode.swift; path = Storage.swift; sourceTree = "<group>"; };
		432861522AA0AD8F00361D50 /* CustomPageControl.swift */ = {isa = PBXFileReference; lastKnownFileType = sourcecode.swift; path = CustomPageControl.swift; sourceTree = "<group>"; };
		4347E0392A9C65F50082A3B1 /* AgeSelectionView.swift */ = {isa = PBXFileReference; lastKnownFileType = sourcecode.swift; path = AgeSelectionView.swift; sourceTree = "<group>"; };
		4347E03F2A9C66130082A3B1 /* AgeSelectionViewModel.swift */ = {isa = PBXFileReference; lastKnownFileType = sourcecode.swift; path = AgeSelectionViewModel.swift; sourceTree = "<group>"; };
		4347E0422A9C768B0082A3B1 /* AgeSelectionViewController.swift */ = {isa = PBXFileReference; lastKnownFileType = sourcecode.swift; path = AgeSelectionViewController.swift; sourceTree = "<group>"; };
		4347E0432A9C768B0082A3B1 /* AgeSelectionViewController.xib */ = {isa = PBXFileReference; lastKnownFileType = file.xib; path = AgeSelectionViewController.xib; sourceTree = "<group>"; };
		4347E0472A9C8EE70082A3B1 /* AvatarView.swift */ = {isa = PBXFileReference; lastKnownFileType = sourcecode.swift; path = AvatarView.swift; sourceTree = "<group>"; };
		4347E04D2A9C8F520082A3B1 /* AvatarViewModel.swift */ = {isa = PBXFileReference; lastKnownFileType = sourcecode.swift; path = AvatarViewModel.swift; sourceTree = "<group>"; };
		4347E0502A9CBAA90082A3B1 /* Gender.swift */ = {isa = PBXFileReference; lastKnownFileType = sourcecode.swift; path = Gender.swift; sourceTree = "<group>"; };
		4347E0522A9CDFEE0082A3B1 /* AvatarViewController.swift */ = {isa = PBXFileReference; lastKnownFileType = sourcecode.swift; path = AvatarViewController.swift; sourceTree = "<group>"; };
		4347E0532A9CDFEE0082A3B1 /* AvatarViewController.xib */ = {isa = PBXFileReference; lastKnownFileType = file.xib; path = AvatarViewController.xib; sourceTree = "<group>"; };
		4347E0572A9CE2DB0082A3B1 /* AvatarCollectionViewCell.swift */ = {isa = PBXFileReference; lastKnownFileType = sourcecode.swift; path = AvatarCollectionViewCell.swift; sourceTree = "<group>"; };
		4347E0582A9CE2DB0082A3B1 /* AvatarCollectionViewCell.xib */ = {isa = PBXFileReference; lastKnownFileType = file.xib; path = AvatarCollectionViewCell.xib; sourceTree = "<group>"; };
		4347E05C2A9DD1520082A3B1 /* CircularProgressBarView.swift */ = {isa = PBXFileReference; lastKnownFileType = sourcecode.swift; path = CircularProgressBarView.swift; sourceTree = "<group>"; };
		4347E05E2A9E0D760082A3B1 /* Validation.swift */ = {isa = PBXFileReference; lastKnownFileType = sourcecode.swift; path = Validation.swift; sourceTree = "<group>"; };
		4347E0612A9E1DCE0082A3B1 /* PolicyView.swift */ = {isa = PBXFileReference; lastKnownFileType = sourcecode.swift; path = PolicyView.swift; sourceTree = "<group>"; };
		4347E0672A9E1DF00082A3B1 /* PolicyViewModel.swift */ = {isa = PBXFileReference; lastKnownFileType = sourcecode.swift; path = PolicyViewModel.swift; sourceTree = "<group>"; };
		4347E06C2A9F05960082A3B1 /* PolicyViewController.swift */ = {isa = PBXFileReference; lastKnownFileType = sourcecode.swift; path = PolicyViewController.swift; sourceTree = "<group>"; };
		4347E06D2A9F05960082A3B1 /* PolicyViewController.xib */ = {isa = PBXFileReference; lastKnownFileType = file.xib; path = PolicyViewController.xib; sourceTree = "<group>"; };
		43B3E6052A961E1000F8247A /* splash.json */ = {isa = PBXFileReference; fileEncoding = 4; lastKnownFileType = text.json; path = splash.json; sourceTree = "<group>"; };
		43B3E6112A96290F00F8247A /* OnboardingView.swift */ = {isa = PBXFileReference; lastKnownFileType = sourcecode.swift; path = OnboardingView.swift; sourceTree = "<group>"; };
		43B3E6132A96291B00F8247A /* OnboardingViewModel.swift */ = {isa = PBXFileReference; lastKnownFileType = sourcecode.swift; path = OnboardingViewModel.swift; sourceTree = "<group>"; };
		43B3E6172A962BAC00F8247A /* SF-Pro-Text-Regular.otf */ = {isa = PBXFileReference; lastKnownFileType = file; path = "SF-Pro-Text-Regular.otf"; sourceTree = "<group>"; };
		43B3E6182A962BAC00F8247A /* SF-Pro-Text-Medium.otf */ = {isa = PBXFileReference; lastKnownFileType = file; path = "SF-Pro-Text-Medium.otf"; sourceTree = "<group>"; };
		43B3E6192A962BAC00F8247A /* SF-Pro-Text-Bold.otf */ = {isa = PBXFileReference; lastKnownFileType = file; path = "SF-Pro-Text-Bold.otf"; sourceTree = "<group>"; };
		43B3E61A2A962BAC00F8247A /* SF-Pro-Text-Semibold.otf */ = {isa = PBXFileReference; lastKnownFileType = file; path = "SF-Pro-Text-Semibold.otf"; sourceTree = "<group>"; };
		43B3E6202A962BF000F8247A /* SF-Pro-Display-Regular.otf */ = {isa = PBXFileReference; lastKnownFileType = file; path = "SF-Pro-Display-Regular.otf"; sourceTree = "<group>"; };
		43B3E6212A962BF000F8247A /* SF-Pro-Display-Semibold.otf */ = {isa = PBXFileReference; lastKnownFileType = file; path = "SF-Pro-Display-Semibold.otf"; sourceTree = "<group>"; };
		43B3E6222A962BF000F8247A /* SF-Pro-Display-Medium.otf */ = {isa = PBXFileReference; lastKnownFileType = file; path = "SF-Pro-Display-Medium.otf"; sourceTree = "<group>"; };
		43B3E6232A962BF000F8247A /* SF-Pro-Display-Bold.otf */ = {isa = PBXFileReference; lastKnownFileType = file; path = "SF-Pro-Display-Bold.otf"; sourceTree = "<group>"; };
		43B3E6282A976CA300F8247A /* SplashView.swift */ = {isa = PBXFileReference; lastKnownFileType = sourcecode.swift; path = SplashView.swift; sourceTree = "<group>"; };
		43B3E62A2A976F0500F8247A /* UIColor.swift */ = {isa = PBXFileReference; lastKnownFileType = sourcecode.swift; path = UIColor.swift; sourceTree = "<group>"; };
		43B3E6362A97A37900F8247A /* OnboardingViewController.swift */ = {isa = PBXFileReference; lastKnownFileType = sourcecode.swift; path = OnboardingViewController.swift; sourceTree = "<group>"; };
		43B3E6372A97A37900F8247A /* OnboardingViewController.xib */ = {isa = PBXFileReference; lastKnownFileType = file.xib; path = OnboardingViewController.xib; sourceTree = "<group>"; };
		43B3E63B2A97A8F100F8247A /* OnboardingCollectionViewCell.swift */ = {isa = PBXFileReference; lastKnownFileType = sourcecode.swift; path = OnboardingCollectionViewCell.swift; sourceTree = "<group>"; };
		43B3E63C2A97A8F100F8247A /* OnboardingCollectionViewCell.xib */ = {isa = PBXFileReference; lastKnownFileType = file.xib; path = OnboardingCollectionViewCell.xib; sourceTree = "<group>"; };
		43B3E63F2A97AA7100F8247A /* dna.json */ = {isa = PBXFileReference; fileEncoding = 4; lastKnownFileType = text.json; path = dna.json; sourceTree = "<group>"; };
		43B3E6412A97B29B00F8247A /* Images.swift */ = {isa = PBXFileReference; lastKnownFileType = sourcecode.swift; path = Images.swift; sourceTree = "<group>"; };
		43B3E6442A98A67000F8247A /* Onboarding.swift */ = {isa = PBXFileReference; lastKnownFileType = sourcecode.swift; path = Onboarding.swift; sourceTree = "<group>"; };
		43D001F42A98AF1300E9729C /* UserRepository.swift */ = {isa = PBXFileReference; lastKnownFileType = sourcecode.swift; path = UserRepository.swift; sourceTree = "<group>"; };
		43D001F82A98B6AC00E9729C /* AppConstants.swift */ = {isa = PBXFileReference; lastKnownFileType = sourcecode.swift; path = AppConstants.swift; sourceTree = "<group>"; };
		43D001FB2A98C26C00E9729C /* CreateProfileView.swift */ = {isa = PBXFileReference; lastKnownFileType = sourcecode.swift; path = CreateProfileView.swift; sourceTree = "<group>"; };
		43D001FD2A98C28300E9729C /* CreateProfileViewController.swift */ = {isa = PBXFileReference; lastKnownFileType = sourcecode.swift; path = CreateProfileViewController.swift; sourceTree = "<group>"; };
		43D001FE2A98C28300E9729C /* CreateProfileViewController.xib */ = {isa = PBXFileReference; lastKnownFileType = file.xib; path = CreateProfileViewController.xib; sourceTree = "<group>"; };
		43D002012A98C2AA00E9729C /* CreateProfileViewModel.swift */ = {isa = PBXFileReference; lastKnownFileType = sourcecode.swift; path = CreateProfileViewModel.swift; sourceTree = "<group>"; };
/* End PBXFileReference section */

/* Begin PBXFrameworksBuildPhase section */
		18209E782A7146690024F47B /* Frameworks */ = {
			isa = PBXFrameworksBuildPhase;
			buildActionMask = 2147483647;
			files = (
				18209E952A7149630024F47B /* APIManager in Frameworks */,
				4347E06B2A9E1F260082A3B1 /* SwiftRichString in Frameworks */,
				18209E982A7149840024F47B /* SwiftDI in Frameworks */,
				43B3E6092A961E8B00F8247A /* Lottie in Frameworks */,
			);
			runOnlyForDeploymentPostprocessing = 0;
		};
/* End PBXFrameworksBuildPhase section */

/* Begin PBXGroup section */
		18209E722A7146690024F47B = {
			isa = PBXGroup;
			children = (
				18209EAD2A7245330024F47B /* swiftgen.yml */,
				18209E7D2A7146690024F47B /* BaseCode */,
				18209E7C2A7146690024F47B /* Products */,
			);
			sourceTree = "<group>";
		};
		18209E7C2A7146690024F47B /* Products */ = {
			isa = PBXGroup;
			children = (
				18209E7B2A7146690024F47B /* BaseCode.app */,
			);
			name = Products;
			sourceTree = "<group>";
		};
		18209E7D2A7146690024F47B /* BaseCode */ = {
			isa = PBXGroup;
			children = (
				18209E9A2A7149A60024F47B /* App */,
				18209E992A7149A00024F47B /* Resources */,
				18209E8C2A71466A0024F47B /* Info.plist */,
			);
			path = BaseCode;
			sourceTree = "<group>";
		};
		18209E992A7149A00024F47B /* Resources */ = {
			isa = PBXGroup;
			children = (
				18209EB12A72455B0024F47B /* Localization */,
				18209EB02A7245550024F47B /* Assets */,
				18209EAF2A7245500024F47B /* Generated */,
			);
			path = Resources;
			sourceTree = "<group>";
		};
		18209E9A2A7149A60024F47B /* App */ = {
			isa = PBXGroup;
			children = (
				18209E9C2A7149BB0024F47B /* Core */,
				18209E9F2A7149CE0024F47B /* Extensions */,
				18209EA02A7149D50024F47B /* Globals */,
				18209E9B2A7149AC0024F47B /* LifeCycle */,
				18209EA12A7149FA0024F47B /* Routing */,
				18209E9E2A7149C90024F47B /* UI */,
			);
			path = App;
			sourceTree = "<group>";
		};
		18209E9B2A7149AC0024F47B /* LifeCycle */ = {
			isa = PBXGroup;
			children = (
				18209E7E2A7146690024F47B /* AppDelegate.swift */,
				18209E802A7146690024F47B /* SceneDelegate.swift */,
			);
			path = LifeCycle;
			sourceTree = "<group>";
		};
		18209E9C2A7149BB0024F47B /* Core */ = {
			isa = PBXGroup;
			children = (
				4347E04F2A9CBA9D0082A3B1 /* Enums */,
				43B3E6432A98938200F8247A /* Models */,
				18209EE52A7261A50024F47B /* Utilities */,
				18209EAC2A714EF90024F47B /* Repositories */,
			);
			path = Core;
			sourceTree = "<group>";
		};
		18209E9E2A7149C90024F47B /* UI */ = {
			isa = PBXGroup;
			children = (
				18209EA22A714A0F0024F47B /* Base */,
				43B3E62C2A9795B000F8247A /* Components */,
				18209EAA2A714C840024F47B /* Screens */,
				4347E0412A9C6C8B0082A3B1 /* Sheets */,
				18209ECF2A72596D0024F47B /* Storyboards */,
			);
			path = UI;
			sourceTree = "<group>";
		};
		18209E9F2A7149CE0024F47B /* Extensions */ = {
			isa = PBXGroup;
			children = (
				18209EDF2A72605B0024F47B /* String.swift */,
				18209EDD2A7260320024F47B /* UICollectionView.swift */,
				18209EDB2A7260210024F47B /* UICollectionViewCell.swift */,
				18209ED32A725C770024F47B /* UIFont.swift */,
				18209ED92A725FEB0024F47B /* UITableView.swift */,
				18209ED72A725FD90024F47B /* UITableViewCell.swift */,
				18209EA72A714AB30024F47B /* UIViewController.swift */,
				18209EE12A7260B70024F47B /* UIView.swift */,
				43B3E62A2A976F0500F8247A /* UIColor.swift */,
			);
			path = Extensions;
			sourceTree = "<group>";
		};
		18209EA02A7149D50024F47B /* Globals */ = {
			isa = PBXGroup;
			children = (
				18209ED02A725B6F0024F47B /* Environment.swift */,
				18209ED52A725CD40024F47B /* Config.swift */,
				43B3E6412A97B29B00F8247A /* Images.swift */,
				43D001F82A98B6AC00E9729C /* AppConstants.swift */,
			);
			path = Globals;
			sourceTree = "<group>";
		};
		18209EA12A7149FA0024F47B /* Routing */ = {
			isa = PBXGroup;
			children = (
				18209EC02A724CC50024F47B /* Router.swift */,
				18209EC22A724D5D0024F47B /* Route.swift */,
				18209EC42A724D860024F47B /* Sheet.swift */,
				18209EC62A724E030024F47B /* AppRouter.swift */,
			);
			path = Routing;
			sourceTree = "<group>";
		};
		18209EA22A714A0F0024F47B /* Base */ = {
			isa = PBXGroup;
			children = (
				18209EA32A714A250024F47B /* ViewController.swift */,
				18209EA52A714A390024F47B /* ViewModel.swift */,
				18209EE32A7260D30024F47B /* XibView.swift */,
			);
			path = Base;
			sourceTree = "<group>";
		};
		18209EAA2A714C840024F47B /* Screens */ = {
			isa = PBXGroup;
			children = (
				18209EC82A7257110024F47B /* Splash */,
				43B3E60C2A9628E000F8247A /* Onboarding */,
				43D001FA2A98C24200E9729C /* CreateProfile */,
			);
			path = Screens;
			sourceTree = "<group>";
		};
		18209EAC2A714EF90024F47B /* Repositories */ = {
			isa = PBXGroup;
			children = (
				43D001F42A98AF1300E9729C /* UserRepository.swift */,
			);
			path = Repositories;
			sourceTree = "<group>";
		};
		18209EAF2A7245500024F47B /* Generated */ = {
			isa = PBXGroup;
			children = (
				18209EB92A7249140024F47B /* Assets.swift */,
				18209EBA2A7249140024F47B /* Strings.swift */,
			);
			path = Generated;
			sourceTree = "<group>";
		};
		18209EB02A7245550024F47B /* Assets */ = {
			isa = PBXGroup;
			children = (
				43B3E6152A962B2000F8247A /* Fonts */,
				43B3E6042A961DF200F8247A /* Lottie Files */,
				18209E872A71466A0024F47B /* Assets.xcassets */,
			);
			path = Assets;
			sourceTree = "<group>";
		};
		18209EB12A72455B0024F47B /* Localization */ = {
			isa = PBXGroup;
			children = (
				18209EB62A7245720024F47B /* Localizable.strings */,
				18209EBD2A72493F0024F47B /* InfoPlist.strings */,
			);
			path = Localization;
			sourceTree = "<group>";
		};
		18209EC82A7257110024F47B /* Splash */ = {
			isa = PBXGroup;
			children = (
				18209EC92A7257940024F47B /* SplashViewController.swift */,
				18209ECA2A7257940024F47B /* SplashViewController.xib */,
				18209ECD2A7257B90024F47B /* SplashViewModel.swift */,
				43B3E6282A976CA300F8247A /* SplashView.swift */,
			);
			path = Splash;
			sourceTree = "<group>";
		};
		18209ECF2A72596D0024F47B /* Storyboards */ = {
			isa = PBXGroup;
			children = (
				18209E842A7146690024F47B /* Main.storyboard */,
				18209E892A71466A0024F47B /* LaunchScreen.storyboard */,
			);
			path = Storyboards;
			sourceTree = "<group>";
		};
		18209EE52A7261A50024F47B /* Utilities */ = {
			isa = PBXGroup;
			children = (
				18209EE62A7261C30024F47B /* Storage.swift */,
			);
			path = Utilities;
			sourceTree = "<group>";
		};
		432861512AA0AD7900361D50 /* PageControl */ = {
			isa = PBXGroup;
			children = (
				432861522AA0AD8F00361D50 /* CustomPageControl.swift */,
			);
			path = PageControl;
			sourceTree = "<group>";
		};
		4347E0382A9C658A0082A3B1 /* AgeSelection */ = {
			isa = PBXGroup;
			children = (
				4347E0392A9C65F50082A3B1 /* AgeSelectionView.swift */,
				4347E0422A9C768B0082A3B1 /* AgeSelectionViewController.swift */,
				4347E0432A9C768B0082A3B1 /* AgeSelectionViewController.xib */,
				4347E03F2A9C66130082A3B1 /* AgeSelectionViewModel.swift */,
			);
			path = AgeSelection;
			sourceTree = "<group>";
		};
		4347E0412A9C6C8B0082A3B1 /* Sheets */ = {
			isa = PBXGroup;
			children = (
				4347E0462A9C8ED70082A3B1 /* Avatar */,
				4347E0382A9C658A0082A3B1 /* AgeSelection */,
				4347E0602A9E1DB20082A3B1 /* Policy */,
			);
			path = Sheets;
			sourceTree = "<group>";
		};
		4347E0462A9C8ED70082A3B1 /* Avatar */ = {
			isa = PBXGroup;
			children = (
				4347E0472A9C8EE70082A3B1 /* AvatarView.swift */,
				4347E0522A9CDFEE0082A3B1 /* AvatarViewController.swift */,
				4347E0532A9CDFEE0082A3B1 /* AvatarViewController.xib */,
				4347E04D2A9C8F520082A3B1 /* AvatarViewModel.swift */,
			);
			path = Avatar;
			sourceTree = "<group>";
		};
		4347E04F2A9CBA9D0082A3B1 /* Enums */ = {
			isa = PBXGroup;
			children = (
				4347E0502A9CBAA90082A3B1 /* Gender.swift */,
				4347E05E2A9E0D760082A3B1 /* Validation.swift */,
			);
			path = Enums;
			sourceTree = "<group>";
		};
		4347E0562A9CE2B80082A3B1 /* AvatarCell */ = {
			isa = PBXGroup;
			children = (
				4347E0572A9CE2DB0082A3B1 /* AvatarCollectionViewCell.swift */,
				4347E0582A9CE2DB0082A3B1 /* AvatarCollectionViewCell.xib */,
			);
			path = AvatarCell;
			sourceTree = "<group>";
		};
		4347E05B2A9DD1180082A3B1 /* CircularProgress */ = {
			isa = PBXGroup;
			children = (
				4347E05C2A9DD1520082A3B1 /* CircularProgressBarView.swift */,
			);
			path = CircularProgress;
			sourceTree = "<group>";
		};
		4347E0602A9E1DB20082A3B1 /* Policy */ = {
			isa = PBXGroup;
			children = (
				4347E0612A9E1DCE0082A3B1 /* PolicyView.swift */,
				4347E06C2A9F05960082A3B1 /* PolicyViewController.swift */,
				4347E06D2A9F05960082A3B1 /* PolicyViewController.xib */,
				4347E0672A9E1DF00082A3B1 /* PolicyViewModel.swift */,
			);
			path = Policy;
			sourceTree = "<group>";
		};
		43B3E6042A961DF200F8247A /* Lottie Files */ = {
			isa = PBXGroup;
			children = (
				43B3E6052A961E1000F8247A /* splash.json */,
				43B3E63F2A97AA7100F8247A /* dna.json */,
			);
			path = "Lottie Files";
			sourceTree = "<group>";
		};
		43B3E60C2A9628E000F8247A /* Onboarding */ = {
			isa = PBXGroup;
			children = (
				43B3E6112A96290F00F8247A /* OnboardingView.swift */,
				43B3E6362A97A37900F8247A /* OnboardingViewController.swift */,
				43B3E6372A97A37900F8247A /* OnboardingViewController.xib */,
				43B3E6132A96291B00F8247A /* OnboardingViewModel.swift */,
			);
			path = Onboarding;
			sourceTree = "<group>";
		};
		43B3E6152A962B2000F8247A /* Fonts */ = {
			isa = PBXGroup;
			children = (
				43B3E6162A962B5A00F8247A /* SF Pro Text */,
				43B3E61F2A962BB500F8247A /* SF Pro Display */,
			);
			path = Fonts;
			sourceTree = "<group>";
		};
		43B3E6162A962B5A00F8247A /* SF Pro Text */ = {
			isa = PBXGroup;
			children = (
				43B3E6192A962BAC00F8247A /* SF-Pro-Text-Bold.otf */,
				43B3E6182A962BAC00F8247A /* SF-Pro-Text-Medium.otf */,
				43B3E6172A962BAC00F8247A /* SF-Pro-Text-Regular.otf */,
				43B3E61A2A962BAC00F8247A /* SF-Pro-Text-Semibold.otf */,
			);
			path = "SF Pro Text";
			sourceTree = "<group>";
		};
		43B3E61F2A962BB500F8247A /* SF Pro Display */ = {
			isa = PBXGroup;
			children = (
				43B3E6232A962BF000F8247A /* SF-Pro-Display-Bold.otf */,
				43B3E6222A962BF000F8247A /* SF-Pro-Display-Medium.otf */,
				43B3E6202A962BF000F8247A /* SF-Pro-Display-Regular.otf */,
				43B3E6212A962BF000F8247A /* SF-Pro-Display-Semibold.otf */,
			);
			path = "SF Pro Display";
			sourceTree = "<group>";
		};
		43B3E62C2A9795B000F8247A /* Components */ = {
			isa = PBXGroup;
			children = (
				43B3E63A2A97A8A200F8247A /* OnboardingCell */,
				4347E0562A9CE2B80082A3B1 /* AvatarCell */,
				4347E05B2A9DD1180082A3B1 /* CircularProgress */,
				432861512AA0AD7900361D50 /* PageControl */,
			);
			path = Components;
			sourceTree = "<group>";
		};
		43B3E63A2A97A8A200F8247A /* OnboardingCell */ = {
			isa = PBXGroup;
			children = (
				43B3E63B2A97A8F100F8247A /* OnboardingCollectionViewCell.swift */,
				43B3E63C2A97A8F100F8247A /* OnboardingCollectionViewCell.xib */,
			);
			path = OnboardingCell;
			sourceTree = "<group>";
		};
		43B3E6432A98938200F8247A /* Models */ = {
			isa = PBXGroup;
			children = (
				43B3E6442A98A67000F8247A /* Onboarding.swift */,
			);
			path = Models;
			sourceTree = "<group>";
		};
		43D001FA2A98C24200E9729C /* CreateProfile */ = {
			isa = PBXGroup;
			children = (
				43D001FB2A98C26C00E9729C /* CreateProfileView.swift */,
				43D001FD2A98C28300E9729C /* CreateProfileViewController.swift */,
				43D001FE2A98C28300E9729C /* CreateProfileViewController.xib */,
				43D002012A98C2AA00E9729C /* CreateProfileViewModel.swift */,
			);
			path = CreateProfile;
			sourceTree = "<group>";
		};
/* End PBXGroup section */

/* Begin PBXNativeTarget section */
		18209E7A2A7146690024F47B /* BaseCode */ = {
			isa = PBXNativeTarget;
			buildConfigurationList = 18209E8F2A71466A0024F47B /* Build configuration list for PBXNativeTarget "BaseCode" */;
			buildPhases = (
				18209E922A71486B0024F47B /* ShellScript */,
				18209E772A7146690024F47B /* Sources */,
				18209E782A7146690024F47B /* Frameworks */,
				18209E792A7146690024F47B /* Resources */,
			);
			buildRules = (
			);
			dependencies = (
			);
			name = BaseCode;
			packageProductDependencies = (
				18209E942A7149630024F47B /* APIManager */,
				18209E972A7149840024F47B /* SwiftDI */,
				43B3E6082A961E8B00F8247A /* Lottie */,
				4347E06A2A9E1F260082A3B1 /* SwiftRichString */,
			);
			productName = BaseCode;
			productReference = 18209E7B2A7146690024F47B /* BaseCode.app */;
			productType = "com.apple.product-type.application";
		};
/* End PBXNativeTarget section */

/* Begin PBXProject section */
		18209E732A7146690024F47B /* Project object */ = {
			isa = PBXProject;
			attributes = {
				BuildIndependentTargetsInParallel = 1;
				LastSwiftUpdateCheck = 1430;
				LastUpgradeCheck = 1430;
				TargetAttributes = {
					18209E7A2A7146690024F47B = {
						CreatedOnToolsVersion = 14.3.1;
					};
				};
			};
			buildConfigurationList = 18209E762A7146690024F47B /* Build configuration list for PBXProject "BaseCode" */;
			compatibilityVersion = "Xcode 14.0";
			developmentRegion = en;
			hasScannedForEncodings = 0;
			knownRegions = (
				en,
				Base,
			);
			mainGroup = 18209E722A7146690024F47B;
			packageReferences = (
				18209E932A7149630024F47B /* XCRemoteSwiftPackageReference "swift-api-manager" */,
				18209E962A7149840024F47B /* XCRemoteSwiftPackageReference "swift-dependency-injection" */,
				43B3E6072A961E8B00F8247A /* XCRemoteSwiftPackageReference "lottie-ios" */,
				4347E0692A9E1F260082A3B1 /* XCRemoteSwiftPackageReference "SwiftRichString" */,
			);
			productRefGroup = 18209E7C2A7146690024F47B /* Products */;
			projectDirPath = "";
			projectRoot = "";
			targets = (
				18209E7A2A7146690024F47B /* BaseCode */,
			);
		};
/* End PBXProject section */

/* Begin PBXResourcesBuildPhase section */
		18209E792A7146690024F47B /* Resources */ = {
			isa = PBXResourcesBuildPhase;
			buildActionMask = 2147483647;
			files = (
				18209EB42A7245720024F47B /* Localizable.strings in Resources */,
				18209EBF2A72493F0024F47B /* InfoPlist.strings in Resources */,
				43B3E61D2A962BAC00F8247A /* SF-Pro-Text-Bold.otf in Resources */,
				18209E8B2A71466A0024F47B /* LaunchScreen.storyboard in Resources */,
				43B3E6062A961E1000F8247A /* splash.json in Resources */,
				18209ECC2A7257940024F47B /* SplashViewController.xib in Resources */,
				43B3E61C2A962BAC00F8247A /* SF-Pro-Text-Medium.otf in Resources */,
				43B3E6262A962BF000F8247A /* SF-Pro-Display-Medium.otf in Resources */,
				43B3E61B2A962BAC00F8247A /* SF-Pro-Text-Regular.otf in Resources */,
				4347E0552A9CDFEE0082A3B1 /* AvatarViewController.xib in Resources */,
				18209E882A71466A0024F47B /* Assets.xcassets in Resources */,
				43B3E61E2A962BAC00F8247A /* SF-Pro-Text-Semibold.otf in Resources */,
				18209E862A7146690024F47B /* Main.storyboard in Resources */,
				43B3E6252A962BF000F8247A /* SF-Pro-Display-Semibold.otf in Resources */,
				43B3E6402A97AA7100F8247A /* dna.json in Resources */,
				43B3E6272A962BF000F8247A /* SF-Pro-Display-Bold.otf in Resources */,
				4347E06F2A9F05960082A3B1 /* PolicyViewController.xib in Resources */,
				4347E05A2A9CE2DB0082A3B1 /* AvatarCollectionViewCell.xib in Resources */,
				43B3E63E2A97A8F100F8247A /* OnboardingCollectionViewCell.xib in Resources */,
				43D002002A98C28300E9729C /* CreateProfileViewController.xib in Resources */,
				43B3E6242A962BF000F8247A /* SF-Pro-Display-Regular.otf in Resources */,
				43B3E6392A97A37900F8247A /* OnboardingViewController.xib in Resources */,
				18209EAE2A7245330024F47B /* swiftgen.yml in Resources */,
				4347E0452A9C768B0082A3B1 /* AgeSelectionViewController.xib in Resources */,
			);
			runOnlyForDeploymentPostprocessing = 0;
		};
/* End PBXResourcesBuildPhase section */

/* Begin PBXShellScriptBuildPhase section */
		18209E922A71486B0024F47B /* ShellScript */ = {
			isa = PBXShellScriptBuildPhase;
			buildActionMask = 2147483647;
			files = (
			);
			inputFileListPaths = (
			);
			inputPaths = (
			);
			outputFileListPaths = (
			);
			outputPaths = (
			);
			runOnlyForDeploymentPostprocessing = 0;
			shellPath = /bin/sh;
			shellScript = "if [ \"-x /usr/local/bin/swiftgen\" ]\nthen\n    \"/usr/local/bin/swiftgen\"\nelse\n    echo \"warning: SwiftGen is not installed. You can install it using Homebrew: 'brew install swiftgen'\"\nfi\n\n";
		};
/* End PBXShellScriptBuildPhase section */

/* Begin PBXSourcesBuildPhase section */
		18209E772A7146690024F47B /* Sources */ = {
			isa = PBXSourcesBuildPhase;
			buildActionMask = 2147483647;
			files = (
				18209EDC2A7260210024F47B /* UICollectionViewCell.swift in Sources */,
				43D001F92A98B6AC00E9729C /* AppConstants.swift in Sources */,
				43B3E6382A97A37900F8247A /* OnboardingViewController.swift in Sources */,
				18209EE42A7260D30024F47B /* XibView.swift in Sources */,
				18209EC32A724D5D0024F47B /* Route.swift in Sources */,
				18209EE22A7260B70024F47B /* UIView.swift in Sources */,
				4347E0682A9E1DF00082A3B1 /* PolicyViewModel.swift in Sources */,
				4347E04E2A9C8F520082A3B1 /* AvatarViewModel.swift in Sources */,
				43B3E62B2A976F0500F8247A /* UIColor.swift in Sources */,
				18209EC12A724CC50024F47B /* Router.swift in Sources */,
				18209EA62A714A390024F47B /* ViewModel.swift in Sources */,
				43B3E6142A96291B00F8247A /* OnboardingViewModel.swift in Sources */,
				18209ED12A725B6F0024F47B /* Environment.swift in Sources */,
				4347E0512A9CBAA90082A3B1 /* Gender.swift in Sources */,
				18209ECB2A7257940024F47B /* SplashViewController.swift in Sources */,
				4347E0482A9C8EE70082A3B1 /* AvatarView.swift in Sources */,
				43D001F52A98AF1300E9729C /* UserRepository.swift in Sources */,
				18209EE72A7261C30024F47B /* Storage.swift in Sources */,
				18209EDA2A725FEB0024F47B /* UITableView.swift in Sources */,
				18209E7F2A7146690024F47B /* AppDelegate.swift in Sources */,
				43B3E6452A98A67100F8247A /* Onboarding.swift in Sources */,
				43B3E6122A96290F00F8247A /* OnboardingView.swift in Sources */,
				4347E06E2A9F05960082A3B1 /* PolicyViewController.swift in Sources */,
				4347E0442A9C768B0082A3B1 /* AgeSelectionViewController.swift in Sources */,
				4347E0622A9E1DCE0082A3B1 /* PolicyView.swift in Sources */,
				43B3E6292A976CA300F8247A /* SplashView.swift in Sources */,
				4347E0592A9CE2DB0082A3B1 /* AvatarCollectionViewCell.swift in Sources */,
				4347E05D2A9DD1520082A3B1 /* CircularProgressBarView.swift in Sources */,
				4347E0542A9CDFEE0082A3B1 /* AvatarViewController.swift in Sources */,
				18209EBB2A7249140024F47B /* Assets.swift in Sources */,
				43B3E63D2A97A8F100F8247A /* OnboardingCollectionViewCell.swift in Sources */,
				18209EC52A724D860024F47B /* Sheet.swift in Sources */,
				432861532AA0AD8F00361D50 /* CustomPageControl.swift in Sources */,
				43B3E6422A97B29B00F8247A /* Images.swift in Sources */,
				43D002022A98C2AA00E9729C /* CreateProfileViewModel.swift in Sources */,
				4347E05F2A9E0D760082A3B1 /* Validation.swift in Sources */,
				18209EDE2A7260320024F47B /* UICollectionView.swift in Sources */,
				43D001FC2A98C26C00E9729C /* CreateProfileView.swift in Sources */,
				18209ED42A725C770024F47B /* UIFont.swift in Sources */,
				18209EA42A714A250024F47B /* ViewController.swift in Sources */,
				4347E0402A9C66130082A3B1 /* AgeSelectionViewModel.swift in Sources */,
				18209ECE2A7257B90024F47B /* SplashViewModel.swift in Sources */,
				43D001FF2A98C28300E9729C /* CreateProfileViewController.swift in Sources */,
				18209EC72A724E030024F47B /* AppRouter.swift in Sources */,
				4347E03A2A9C65F50082A3B1 /* AgeSelectionView.swift in Sources */,
				18209E812A7146690024F47B /* SceneDelegate.swift in Sources */,
				18209ED62A725CD40024F47B /* Config.swift in Sources */,
				18209EA82A714AB30024F47B /* UIViewController.swift in Sources */,
				18209EE02A72605B0024F47B /* String.swift in Sources */,
				18209EBC2A7249140024F47B /* Strings.swift in Sources */,
				18209ED82A725FD90024F47B /* UITableViewCell.swift in Sources */,
			);
			runOnlyForDeploymentPostprocessing = 0;
		};
/* End PBXSourcesBuildPhase section */

/* Begin PBXVariantGroup section */
		18209E842A7146690024F47B /* Main.storyboard */ = {
			isa = PBXVariantGroup;
			children = (
				18209E852A7146690024F47B /* Base */,
			);
			name = Main.storyboard;
			sourceTree = "<group>";
		};
		18209E892A71466A0024F47B /* LaunchScreen.storyboard */ = {
			isa = PBXVariantGroup;
			children = (
				18209E8A2A71466A0024F47B /* Base */,
			);
			name = LaunchScreen.storyboard;
			sourceTree = "<group>";
		};
		18209EB62A7245720024F47B /* Localizable.strings */ = {
			isa = PBXVariantGroup;
			children = (
				18209EB52A7245720024F47B /* en */,
			);
			name = Localizable.strings;
			sourceTree = "<group>";
		};
		18209EBD2A72493F0024F47B /* InfoPlist.strings */ = {
			isa = PBXVariantGroup;
			children = (
				18209EBE2A72493F0024F47B /* en */,
			);
			name = InfoPlist.strings;
			sourceTree = "<group>";
		};
/* End PBXVariantGroup section */

/* Begin XCBuildConfiguration section */
		18209E8D2A71466A0024F47B /* Debug */ = {
			isa = XCBuildConfiguration;
			buildSettings = {
				ALWAYS_SEARCH_USER_PATHS = NO;
				CLANG_ANALYZER_NONNULL = YES;
				CLANG_ANALYZER_NUMBER_OBJECT_CONVERSION = YES_AGGRESSIVE;
				CLANG_CXX_LANGUAGE_STANDARD = "gnu++20";
				CLANG_ENABLE_MODULES = YES;
				CLANG_ENABLE_OBJC_ARC = YES;
				CLANG_ENABLE_OBJC_WEAK = YES;
				CLANG_WARN_BLOCK_CAPTURE_AUTORELEASING = YES;
				CLANG_WARN_BOOL_CONVERSION = YES;
				CLANG_WARN_COMMA = YES;
				CLANG_WARN_CONSTANT_CONVERSION = YES;
				CLANG_WARN_DEPRECATED_OBJC_IMPLEMENTATIONS = YES;
				CLANG_WARN_DIRECT_OBJC_ISA_USAGE = YES_ERROR;
				CLANG_WARN_DOCUMENTATION_COMMENTS = YES;
				CLANG_WARN_EMPTY_BODY = YES;
				CLANG_WARN_ENUM_CONVERSION = YES;
				CLANG_WARN_INFINITE_RECURSION = YES;
				CLANG_WARN_INT_CONVERSION = YES;
				CLANG_WARN_NON_LITERAL_NULL_CONVERSION = YES;
				CLANG_WARN_OBJC_IMPLICIT_RETAIN_SELF = YES;
				CLANG_WARN_OBJC_LITERAL_CONVERSION = YES;
				CLANG_WARN_OBJC_ROOT_CLASS = YES_ERROR;
				CLANG_WARN_QUOTED_INCLUDE_IN_FRAMEWORK_HEADER = YES;
				CLANG_WARN_RANGE_LOOP_ANALYSIS = YES;
				CLANG_WARN_STRICT_PROTOTYPES = YES;
				CLANG_WARN_SUSPICIOUS_MOVE = YES;
				CLANG_WARN_UNGUARDED_AVAILABILITY = YES_AGGRESSIVE;
				CLANG_WARN_UNREACHABLE_CODE = YES;
				CLANG_WARN__DUPLICATE_METHOD_MATCH = YES;
				COPY_PHASE_STRIP = NO;
				DEBUG_INFORMATION_FORMAT = dwarf;
				ENABLE_STRICT_OBJC_MSGSEND = YES;
				ENABLE_TESTABILITY = YES;
				GCC_C_LANGUAGE_STANDARD = gnu11;
				GCC_DYNAMIC_NO_PIC = NO;
				GCC_NO_COMMON_BLOCKS = YES;
				GCC_OPTIMIZATION_LEVEL = 0;
				GCC_PREPROCESSOR_DEFINITIONS = (
					"DEBUG=1",
					"$(inherited)",
				);
				GCC_WARN_64_TO_32_BIT_CONVERSION = YES;
				GCC_WARN_ABOUT_RETURN_TYPE = YES_ERROR;
				GCC_WARN_UNDECLARED_SELECTOR = YES;
				GCC_WARN_UNINITIALIZED_AUTOS = YES_AGGRESSIVE;
				GCC_WARN_UNUSED_FUNCTION = YES;
				GCC_WARN_UNUSED_VARIABLE = YES;
				IPHONEOS_DEPLOYMENT_TARGET = 16.4;
				MTL_ENABLE_DEBUG_INFO = INCLUDE_SOURCE;
				MTL_FAST_MATH = YES;
				ONLY_ACTIVE_ARCH = YES;
				SDKROOT = iphoneos;
				SWIFT_ACTIVE_COMPILATION_CONDITIONS = DEBUG;
				SWIFT_OPTIMIZATION_LEVEL = "-Onone";
			};
			name = Debug;
		};
		18209E8E2A71466A0024F47B /* Release */ = {
			isa = XCBuildConfiguration;
			buildSettings = {
				ALWAYS_SEARCH_USER_PATHS = NO;
				CLANG_ANALYZER_NONNULL = YES;
				CLANG_ANALYZER_NUMBER_OBJECT_CONVERSION = YES_AGGRESSIVE;
				CLANG_CXX_LANGUAGE_STANDARD = "gnu++20";
				CLANG_ENABLE_MODULES = YES;
				CLANG_ENABLE_OBJC_ARC = YES;
				CLANG_ENABLE_OBJC_WEAK = YES;
				CLANG_WARN_BLOCK_CAPTURE_AUTORELEASING = YES;
				CLANG_WARN_BOOL_CONVERSION = YES;
				CLANG_WARN_COMMA = YES;
				CLANG_WARN_CONSTANT_CONVERSION = YES;
				CLANG_WARN_DEPRECATED_OBJC_IMPLEMENTATIONS = YES;
				CLANG_WARN_DIRECT_OBJC_ISA_USAGE = YES_ERROR;
				CLANG_WARN_DOCUMENTATION_COMMENTS = YES;
				CLANG_WARN_EMPTY_BODY = YES;
				CLANG_WARN_ENUM_CONVERSION = YES;
				CLANG_WARN_INFINITE_RECURSION = YES;
				CLANG_WARN_INT_CONVERSION = YES;
				CLANG_WARN_NON_LITERAL_NULL_CONVERSION = YES;
				CLANG_WARN_OBJC_IMPLICIT_RETAIN_SELF = YES;
				CLANG_WARN_OBJC_LITERAL_CONVERSION = YES;
				CLANG_WARN_OBJC_ROOT_CLASS = YES_ERROR;
				CLANG_WARN_QUOTED_INCLUDE_IN_FRAMEWORK_HEADER = YES;
				CLANG_WARN_RANGE_LOOP_ANALYSIS = YES;
				CLANG_WARN_STRICT_PROTOTYPES = YES;
				CLANG_WARN_SUSPICIOUS_MOVE = YES;
				CLANG_WARN_UNGUARDED_AVAILABILITY = YES_AGGRESSIVE;
				CLANG_WARN_UNREACHABLE_CODE = YES;
				CLANG_WARN__DUPLICATE_METHOD_MATCH = YES;
				COPY_PHASE_STRIP = NO;
				DEBUG_INFORMATION_FORMAT = "dwarf-with-dsym";
				ENABLE_NS_ASSERTIONS = NO;
				ENABLE_STRICT_OBJC_MSGSEND = YES;
				GCC_C_LANGUAGE_STANDARD = gnu11;
				GCC_NO_COMMON_BLOCKS = YES;
				GCC_WARN_64_TO_32_BIT_CONVERSION = YES;
				GCC_WARN_ABOUT_RETURN_TYPE = YES_ERROR;
				GCC_WARN_UNDECLARED_SELECTOR = YES;
				GCC_WARN_UNINITIALIZED_AUTOS = YES_AGGRESSIVE;
				GCC_WARN_UNUSED_FUNCTION = YES;
				GCC_WARN_UNUSED_VARIABLE = YES;
				IPHONEOS_DEPLOYMENT_TARGET = 16.4;
				MTL_ENABLE_DEBUG_INFO = NO;
				MTL_FAST_MATH = YES;
				SDKROOT = iphoneos;
				SWIFT_COMPILATION_MODE = wholemodule;
				SWIFT_OPTIMIZATION_LEVEL = "-O";
				VALIDATE_PRODUCT = YES;
			};
			name = Release;
		};
		18209E902A71466A0024F47B /* Debug */ = {
			isa = XCBuildConfiguration;
			buildSettings = {
				ASSETCATALOG_COMPILER_APPICON_NAME = AppIcon;
				ASSETCATALOG_COMPILER_GLOBAL_ACCENT_COLOR_NAME = AccentColor;
				CODE_SIGN_STYLE = Automatic;
				CURRENT_PROJECT_VERSION = 1;
				GENERATE_INFOPLIST_FILE = YES;
				INFOPLIST_FILE = BaseCode/Info.plist;
				INFOPLIST_KEY_UIApplicationSupportsIndirectInputEvents = YES;
				INFOPLIST_KEY_UILaunchStoryboardName = LaunchScreen;
				INFOPLIST_KEY_UIMainStoryboardFile = Main;
				INFOPLIST_KEY_UISupportedInterfaceOrientations_iPad = "UIInterfaceOrientationPortrait UIInterfaceOrientationPortraitUpsideDown UIInterfaceOrientationLandscapeLeft UIInterfaceOrientationLandscapeRight";
				INFOPLIST_KEY_UISupportedInterfaceOrientations_iPhone = "UIInterfaceOrientationPortrait UIInterfaceOrientationLandscapeLeft UIInterfaceOrientationLandscapeRight";
				IPHONEOS_DEPLOYMENT_TARGET = 16.0;
				LD_RUNPATH_SEARCH_PATHS = (
					"$(inherited)",
					"@executable_path/Frameworks",
				);
				MARKETING_VERSION = 1.0;
				PRODUCT_BUNDLE_IDENTIFIER = com.brainx.BaseCode;
				PRODUCT_NAME = "$(TARGET_NAME)";
				SWIFT_EMIT_LOC_STRINGS = YES;
				SWIFT_VERSION = 5.0;
				TARGETED_DEVICE_FAMILY = "1,2";
			};
			name = Debug;
		};
		18209E912A71466A0024F47B /* Release */ = {
			isa = XCBuildConfiguration;
			buildSettings = {
				ASSETCATALOG_COMPILER_APPICON_NAME = AppIcon;
				ASSETCATALOG_COMPILER_GLOBAL_ACCENT_COLOR_NAME = AccentColor;
				CODE_SIGN_STYLE = Automatic;
				CURRENT_PROJECT_VERSION = 1;
				GENERATE_INFOPLIST_FILE = YES;
				INFOPLIST_FILE = BaseCode/Info.plist;
				INFOPLIST_KEY_UIApplicationSupportsIndirectInputEvents = YES;
				INFOPLIST_KEY_UILaunchStoryboardName = LaunchScreen;
				INFOPLIST_KEY_UIMainStoryboardFile = Main;
				INFOPLIST_KEY_UISupportedInterfaceOrientations_iPad = "UIInterfaceOrientationPortrait UIInterfaceOrientationPortraitUpsideDown UIInterfaceOrientationLandscapeLeft UIInterfaceOrientationLandscapeRight";
				INFOPLIST_KEY_UISupportedInterfaceOrientations_iPhone = "UIInterfaceOrientationPortrait UIInterfaceOrientationLandscapeLeft UIInterfaceOrientationLandscapeRight";
				IPHONEOS_DEPLOYMENT_TARGET = 16.0;
				LD_RUNPATH_SEARCH_PATHS = (
					"$(inherited)",
					"@executable_path/Frameworks",
				);
				MARKETING_VERSION = 1.0;
				PRODUCT_BUNDLE_IDENTIFIER = com.brainx.BaseCode;
				PRODUCT_NAME = "$(TARGET_NAME)";
				SWIFT_EMIT_LOC_STRINGS = YES;
				SWIFT_VERSION = 5.0;
				TARGETED_DEVICE_FAMILY = "1,2";
			};
			name = Release;
		};
/* End XCBuildConfiguration section */

/* Begin XCConfigurationList section */
		18209E762A7146690024F47B /* Build configuration list for PBXProject "BaseCode" */ = {
			isa = XCConfigurationList;
			buildConfigurations = (
				18209E8D2A71466A0024F47B /* Debug */,
				18209E8E2A71466A0024F47B /* Release */,
			);
			defaultConfigurationIsVisible = 0;
			defaultConfigurationName = Release;
		};
		18209E8F2A71466A0024F47B /* Build configuration list for PBXNativeTarget "BaseCode" */ = {
			isa = XCConfigurationList;
			buildConfigurations = (
				18209E902A71466A0024F47B /* Debug */,
				18209E912A71466A0024F47B /* Release */,
			);
			defaultConfigurationIsVisible = 0;
			defaultConfigurationName = Release;
		};
/* End XCConfigurationList section */

/* Begin XCRemoteSwiftPackageReference section */
		18209E932A7149630024F47B /* XCRemoteSwiftPackageReference "swift-api-manager" */ = {
			isa = XCRemoteSwiftPackageReference;
			repositoryURL = "https://github.com/brainx-technologies/swift-api-manager";
			requirement = {
				kind = upToNextMajorVersion;
				minimumVersion = 1.0.0;
			};
		};
		18209E962A7149840024F47B /* XCRemoteSwiftPackageReference "swift-dependency-injection" */ = {
			isa = XCRemoteSwiftPackageReference;
			repositoryURL = "https://github.com/brainx-technologies/swift-dependency-injection";
			requirement = {
				kind = upToNextMajorVersion;
				minimumVersion = 1.0.0;
			};
		};
		4347E0692A9E1F260082A3B1 /* XCRemoteSwiftPackageReference "SwiftRichString" */ = {
			isa = XCRemoteSwiftPackageReference;
			repositoryURL = "https://github.com/malcommac/SwiftRichString";
			requirement = {
				kind = upToNextMajorVersion;
				minimumVersion = 3.0.0;
			};
		};
		43B3E6072A961E8B00F8247A /* XCRemoteSwiftPackageReference "lottie-ios" */ = {
			isa = XCRemoteSwiftPackageReference;
			repositoryURL = "https://github.com/airbnb/lottie-ios";
			requirement = {
				kind = upToNextMajorVersion;
				minimumVersion = 4.0.0;
			};
		};
/* End XCRemoteSwiftPackageReference section */

/* Begin XCSwiftPackageProductDependency section */
		18209E942A7149630024F47B /* APIManager */ = {
			isa = XCSwiftPackageProductDependency;
			package = 18209E932A7149630024F47B /* XCRemoteSwiftPackageReference "swift-api-manager" */;
			productName = APIManager;
		};
		18209E972A7149840024F47B /* SwiftDI */ = {
			isa = XCSwiftPackageProductDependency;
			package = 18209E962A7149840024F47B /* XCRemoteSwiftPackageReference "swift-dependency-injection" */;
			productName = SwiftDI;
		};
		4347E06A2A9E1F260082A3B1 /* SwiftRichString */ = {
			isa = XCSwiftPackageProductDependency;
			package = 4347E0692A9E1F260082A3B1 /* XCRemoteSwiftPackageReference "SwiftRichString" */;
			productName = SwiftRichString;
		};
		43B3E6082A961E8B00F8247A /* Lottie */ = {
			isa = XCSwiftPackageProductDependency;
			package = 43B3E6072A961E8B00F8247A /* XCRemoteSwiftPackageReference "lottie-ios" */;
			productName = Lottie;
		};
/* End XCSwiftPackageProductDependency section */
	};
	rootObject = 18209E732A7146690024F47B /* Project object */;
}
